// !$*UTF8*$!
{
	archiveVersion = 1;
	classes = {
	};
	objectVersion = 50;
	objects = {

/* Begin PBXBuildFile section */
		6A32F91221B2BEF900BB1234 /* ImageService.swift in Sources */ = {isa = PBXBuildFile; fileRef = 6A32F91121B2BEF900BB1234 /* ImageService.swift */; };
		6A32F91521B2D27600BB1234 /* dayMonthYear.swift in Sources */ = {isa = PBXBuildFile; fileRef = 6A32F91421B2D27600BB1234 /* dayMonthYear.swift */; };
		6A32F91721B2D9B000BB1234 /* DiagnosticEpisodeForm.swift in Sources */ = {isa = PBXBuildFile; fileRef = 6A32F91621B2D9B000BB1234 /* DiagnosticEpisodeForm.swift */; };
		6A32F91A21B2EC4900BB1234 /* EurekaDxEpisodeChoiceCell.swift in Sources */ = {isa = PBXBuildFile; fileRef = 6A32F91821B2EC4900BB1234 /* EurekaDxEpisodeChoiceCell.swift */; };
		6A32F91B21B2EC4900BB1234 /* EurekaDxEpisodeChoiceCell.xib in Resources */ = {isa = PBXBuildFile; fileRef = 6A32F91921B2EC4900BB1234 /* EurekaDxEpisodeChoiceCell.xib */; };
		6A32F91F21B3744200BB1234 /* PatientSearchController.swift in Sources */ = {isa = PBXBuildFile; fileRef = 6A32F91E21B3744200BB1234 /* PatientSearchController.swift */; };
		6A32F92321B458F600BB1234 /* ASTSegment.swift in Sources */ = {isa = PBXBuildFile; fileRef = 6A32F92221B458F600BB1234 /* ASTSegment.swift */; };
		6A32F92521B45E9D00BB1234 /* KSegmentedControl.swift in Sources */ = {isa = PBXBuildFile; fileRef = 6A32F92421B45E9D00BB1234 /* KSegmentedControl.swift */; };
		6A32F92721B46DA900BB1234 /* QuickParser.swift in Sources */ = {isa = PBXBuildFile; fileRef = 6A32F92621B46DA900BB1234 /* QuickParser.swift */; };
		6A32F92921B47AA300BB1234 /* ContainsNumbers.swift in Sources */ = {isa = PBXBuildFile; fileRef = 6A32F92821B47AA300BB1234 /* ContainsNumbers.swift */; };
		6A32F92B21B4EFAD00BB1234 /* SegmentedCellWidth.swift in Sources */ = {isa = PBXBuildFile; fileRef = 6A32F92A21B4EFAD00BB1234 /* SegmentedCellWidth.swift */; };
		6A32F92F21B5F57F00BB1234 /* ActListModel.swift in Sources */ = {isa = PBXBuildFile; fileRef = 6A32F92E21B5F57F00BB1234 /* ActListModel.swift */; };
		6A32F93221B5F7CC00BB1234 /* ActTableViewCell.swift in Sources */ = {isa = PBXBuildFile; fileRef = 6A32F93021B5F7CC00BB1234 /* ActTableViewCell.swift */; };
		6A32F93321B5F7CC00BB1234 /* ActTableViewCell.xib in Resources */ = {isa = PBXBuildFile; fileRef = 6A32F93121B5F7CC00BB1234 /* ActTableViewCell.xib */; };
		6A32F93521B6076A00BB1234 /* DiagnosticEpisodeListModel.swift in Sources */ = {isa = PBXBuildFile; fileRef = 6A32F93421B6076A00BB1234 /* DiagnosticEpisodeListModel.swift */; };
		6A32F93821B6088D00BB1234 /* DiagnosticEpisodeTableViewCell.swift in Sources */ = {isa = PBXBuildFile; fileRef = 6A32F93621B6088D00BB1234 /* DiagnosticEpisodeTableViewCell.swift */; };
		6A32F93921B6088D00BB1234 /* DiagnosticEpisodeTableViewCell.xib in Resources */ = {isa = PBXBuildFile; fileRef = 6A32F93721B6088D00BB1234 /* DiagnosticEpisodeTableViewCell.xib */; };
		6A32F93B21B6119700BB1234 /* BorderExtension.swift in Sources */ = {isa = PBXBuildFile; fileRef = 6A32F93A21B6119700BB1234 /* BorderExtension.swift */; };
		6A32F93D21B687C600BB1234 /* DiagnosticEpisodeFormView.xib in Resources */ = {isa = PBXBuildFile; fileRef = 6A32F93C21B687C600BB1234 /* DiagnosticEpisodeFormView.xib */; };
		6A36B04C21AB95CA00C4F9A8 /* TagsListModel.swift in Sources */ = {isa = PBXBuildFile; fileRef = 6A36B04B21AB95CA00C4F9A8 /* TagsListModel.swift */; };
		6A36B04E21AB972300C4F9A8 /* BaseWorkListsListTVC.swift in Sources */ = {isa = PBXBuildFile; fileRef = 6A36B04D21AB972300C4F9A8 /* BaseWorkListsListTVC.swift */; };
		6A36B05021AB97BE00C4F9A8 /* ClinicalListTVC.swift in Sources */ = {isa = PBXBuildFile; fileRef = 6A36B04F21AB97BE00C4F9A8 /* ClinicalListTVC.swift */; };
		6A36B05221AB97CE00C4F9A8 /* ClinicalListTVC.xib in Resources */ = {isa = PBXBuildFile; fileRef = 6A36B05121AB97CE00C4F9A8 /* ClinicalListTVC.xib */; };
		6A3BF0E821AB1D4200CA0A71 /* BasePatientsListTVC.swift in Sources */ = {isa = PBXBuildFile; fileRef = 6A3BF0E721AB1D4200CA0A71 /* BasePatientsListTVC.swift */; };
		6A4ED3D421B84D7B00935C0A /* PatientFormDelegate.swift in Sources */ = {isa = PBXBuildFile; fileRef = 6A4ED3D321B84D7B00935C0A /* PatientFormDelegate.swift */; };
		6A4ED3D721BDB49800935C0A /* PatientTableCell2.xib in Resources */ = {isa = PBXBuildFile; fileRef = 6A4ED3D621BDB49800935C0A /* PatientTableCell2.xib */; };
		6A533A9421AB590F000FB93E /* Populator.swift in Sources */ = {isa = PBXBuildFile; fileRef = 6A533A9321AB590F000FB93E /* Populator.swift */; };
		6A533A9621AB665D000FB93E /* ActiveListPatientsVC.swift in Sources */ = {isa = PBXBuildFile; fileRef = 6A533A9521AB665D000FB93E /* ActiveListPatientsVC.swift */; };
		6A533A9921AB7871000FB93E /* ClinicalListModel.swift in Sources */ = {isa = PBXBuildFile; fileRef = 6A533A9821AB7871000FB93E /* ClinicalListModel.swift */; };
		6A58514721AF551500EE6943 /* BaseTagsListTVC.swift in Sources */ = {isa = PBXBuildFile; fileRef = 6A58514621AF551500EE6943 /* BaseTagsListTVC.swift */; };
		6A58514A21AF55AF00EE6943 /* TagsListTableViewCell.swift in Sources */ = {isa = PBXBuildFile; fileRef = 6A58514821AF55AF00EE6943 /* TagsListTableViewCell.swift */; };
		6A58514B21AF55AF00EE6943 /* TagsListTableViewCell.xib in Resources */ = {isa = PBXBuildFile; fileRef = 6A58514921AF55AF00EE6943 /* TagsListTableViewCell.xib */; };
		6A58515821AF63E500EE6943 /* ClinicalList+CoreDataClass.swift in Sources */ = {isa = PBXBuildFile; fileRef = 6A58515421AF63E500EE6943 /* ClinicalList+CoreDataClass.swift */; };
		6A58515921AF63E500EE6943 /* ClinicalList+CoreDataProperties.swift in Sources */ = {isa = PBXBuildFile; fileRef = 6A58515521AF63E500EE6943 /* ClinicalList+CoreDataProperties.swift */; };
		6A58515C21AF65E400EE6943 /* DiagnosticEpisode+CoreDataClass.swift in Sources */ = {isa = PBXBuildFile; fileRef = 6A58515A21AF65E400EE6943 /* DiagnosticEpisode+CoreDataClass.swift */; };
		6A58515D21AF65E400EE6943 /* DiagnosticEpisode+CoreDataProperties.swift in Sources */ = {isa = PBXBuildFile; fileRef = 6A58515B21AF65E400EE6943 /* DiagnosticEpisode+CoreDataProperties.swift */; };
		6A806D5221B04371004E85A2 /* PatientsFilterSegmentedControl.swift in Sources */ = {isa = PBXBuildFile; fileRef = 6A806D5121B04371004E85A2 /* PatientsFilterSegmentedControl.swift */; };
		6A806D5421B09A04004E85A2 /* AllPatientsListVC.swift in Sources */ = {isa = PBXBuildFile; fileRef = 6A806D5321B09A04004E85A2 /* AllPatientsListVC.swift */; };
		6A806D5621B0DDD1004E85A2 /* ButtonTagStackList.swift in Sources */ = {isa = PBXBuildFile; fileRef = 6A806D5521B0DDD1004E85A2 /* ButtonTagStackList.swift */; };
		6A806D6321B1D6F2004E85A2 /* DetailedPatientViewVC.swift in Sources */ = {isa = PBXBuildFile; fileRef = 6A806D6121B1D6F2004E85A2 /* DetailedPatientViewVC.swift */; };
		6A816EEE21AC2AF800031BAB /* BillingCodes.swift in Sources */ = {isa = PBXBuildFile; fileRef = 6A816EED21AC2AF800031BAB /* BillingCodes.swift */; };
		6A82B7F421C9245C0035ED0D /* PatientForm2.swift in Sources */ = {isa = PBXBuildFile; fileRef = 6A82B7F321C9245C0035ED0D /* PatientForm2.swift */; };
		6A82B7F621C973210035ED0D /* DetailedPatientForm.xib in Resources */ = {isa = PBXBuildFile; fileRef = 6A82B7F521C973200035ED0D /* DetailedPatientForm.xib */; };
		6A834AB521ADB9B900451E0D /* TagForm.swift in Sources */ = {isa = PBXBuildFile; fileRef = 6A834AB421ADB9B900451E0D /* TagForm.swift */; };
		6A868E9221C7810500ECA7BD /* PatientTableCell4.xib in Resources */ = {isa = PBXBuildFile; fileRef = 6A868E9121C7810500ECA7BD /* PatientTableCell4.xib */; };
		6A868E9721C7F88F00ECA7BD /* BasePatientTableCell.xib in Resources */ = {isa = PBXBuildFile; fileRef = 6A868E9621C7F88F00ECA7BD /* BasePatientTableCell.xib */; };
		6A868E9921C7F93500ECA7BD /* BasePatientTableViewCell.swift in Sources */ = {isa = PBXBuildFile; fileRef = 6A868E9821C7F93500ECA7BD /* BasePatientTableViewCell.swift */; };
		6A8E377521AAE166004F1EFF /* PatientTableCell.xib in Resources */ = {isa = PBXBuildFile; fileRef = 6A8E377421AAE166004F1EFF /* PatientTableCell.xib */; };
		6AADF72821C0B5EC00DFD0B9 /* PatientTableCell3.xib in Resources */ = {isa = PBXBuildFile; fileRef = 6AADF72721C0B5EC00DFD0B9 /* PatientTableCell3.xib */; };
		6ADCB59021AAFE320005BBE3 /* PatientTableViewCell.swift in Sources */ = {isa = PBXBuildFile; fileRef = 6ADCB58F21AAFE320005BBE3 /* PatientTableViewCell.swift */; };
		6D84F2CB1929288333473509 /* Pods_KKarla.framework in Frameworks */ = {isa = PBXBuildFile; fileRef = E043F8B2F0E2DF630E4C3B97 /* Pods_KKarla.framework */; };
		E822210C217CF73000CEE16C /* ClinicalListForm.swift in Sources */ = {isa = PBXBuildFile; fileRef = E822210B217CF73000CEE16C /* ClinicalListForm.swift */; };
		E822210E217CFB0700CEE16C /* KarlaForm.swift in Sources */ = {isa = PBXBuildFile; fileRef = E822210D217CFB0700CEE16C /* KarlaForm.swift */; };
		E822211E217D418000CEE16C /* KarlaFormDelegate.swift in Sources */ = {isa = PBXBuildFile; fileRef = E822211D217D418000CEE16C /* KarlaFormDelegate.swift */; };
		E8222121217D525D00CEE16C /* KKarlaDatabaseV1.xcdatamodeld in Sources */ = {isa = PBXBuildFile; fileRef = E822211F217D525D00CEE16C /* KKarlaDatabaseV1.xcdatamodeld */; };
		E82E09F42178065A006A4B88 /* PatientListTableViewController.swift in Sources */ = {isa = PBXBuildFile; fileRef = E82E09F32178065A006A4B88 /* PatientListTableViewController.swift */; };
		E82E09F62178070C006A4B88 /* SimpleCellTableViewCell.swift in Sources */ = {isa = PBXBuildFile; fileRef = E82E09F52178070C006A4B88 /* SimpleCellTableViewCell.swift */; };
		E82E09FA217830C7006A4B88 /* EowDetailViewController.swift in Sources */ = {isa = PBXBuildFile; fileRef = E82E09F9217830C7006A4B88 /* EowDetailViewController.swift */; };
		E82E179E2176A7D400F57761 /* Gradients.swift in Sources */ = {isa = PBXBuildFile; fileRef = E82E179A2176A7D400F57761 /* Gradients.swift */; };
		E82E179F2176A7D400F57761 /* Gradients+Extension.swift in Sources */ = {isa = PBXBuildFile; fileRef = E82E179B2176A7D400F57761 /* Gradients+Extension.swift */; };
		E82E17A02176A7D400F57761 /* Color+Extension.swift in Sources */ = {isa = PBXBuildFile; fileRef = E82E179C2176A7D400F57761 /* Color+Extension.swift */; };
		E82E17A12176A7D400F57761 /* Direction.swift in Sources */ = {isa = PBXBuildFile; fileRef = E82E179D2176A7D400F57761 /* Direction.swift */; };
		E84114AB217210DC00C5E9D9 /* AppDelegate.swift in Sources */ = {isa = PBXBuildFile; fileRef = E84114AA217210DC00C5E9D9 /* AppDelegate.swift */; };
		E84114B0217210DC00C5E9D9 /* Main.storyboard in Resources */ = {isa = PBXBuildFile; fileRef = E84114AE217210DC00C5E9D9 /* Main.storyboard */; };
		E84114B5217210DE00C5E9D9 /* LaunchScreen.storyboard in Resources */ = {isa = PBXBuildFile; fileRef = E84114B3217210DE00C5E9D9 /* LaunchScreen.storyboard */; };
		E84114BD2172110000C5E9D9 /* Coordinator.swift in Sources */ = {isa = PBXBuildFile; fileRef = E84114BC2172110000C5E9D9 /* Coordinator.swift */; };
		E84114BF217211B200C5E9D9 /* Storyboarded.swift in Sources */ = {isa = PBXBuildFile; fileRef = E84114BE217211B200C5E9D9 /* Storyboarded.swift */; };
		E84114C1217213EF00C5E9D9 /* MainCoordinator.swift in Sources */ = {isa = PBXBuildFile; fileRef = E84114C0217213EF00C5E9D9 /* MainCoordinator.swift */; };
		E84114C621721C8200C5E9D9 /* CardsStackViewController.swift in Sources */ = {isa = PBXBuildFile; fileRef = E84114C521721C8200C5E9D9 /* CardsStackViewController.swift */; };
		E84114FE21758C8D00C5E9D9 /* FoldingTestTableViewController.swift in Sources */ = {isa = PBXBuildFile; fileRef = E84114FD21758C8D00C5E9D9 /* FoldingTestTableViewController.swift */; };
		E84115002175924000C5E9D9 /* DemoFoldingCell.swift in Sources */ = {isa = PBXBuildFile; fileRef = E84114FF2175924000C5E9D9 /* DemoFoldingCell.swift */; };
		E84115022175A1DF00C5E9D9 /* FoldingCell.swift in Sources */ = {isa = PBXBuildFile; fileRef = E84115012175A1DF00C5E9D9 /* FoldingCell.swift */; };
		E84115182175A38F00C5E9D9 /* DemoCell.swift in Sources */ = {isa = PBXBuildFile; fileRef = E84115042175A38F00C5E9D9 /* DemoCell.swift */; };
		E84115192175A38F00C5E9D9 /* MainTableViewController.swift in Sources */ = {isa = PBXBuildFile; fileRef = E84115052175A38F00C5E9D9 /* MainTableViewController.swift */; };
		E841151E2175A38F00C5E9D9 /* OpenSans-Semibold.ttf in Resources */ = {isa = PBXBuildFile; fileRef = E841150D2175A38F00C5E9D9 /* OpenSans-Semibold.ttf */; };
		E841151F2175A38F00C5E9D9 /* OpenSans-Light.ttf in Resources */ = {isa = PBXBuildFile; fileRef = E841150E2175A38F00C5E9D9 /* OpenSans-Light.ttf */; };
		E84115202175A38F00C5E9D9 /* OpenSans-Italic.ttf in Resources */ = {isa = PBXBuildFile; fileRef = E841150F2175A38F00C5E9D9 /* OpenSans-Italic.ttf */; };
		E84115212175A38F00C5E9D9 /* OpenSans-ExtraBold.ttf in Resources */ = {isa = PBXBuildFile; fileRef = E84115102175A38F00C5E9D9 /* OpenSans-ExtraBold.ttf */; };
		E84115222175A38F00C5E9D9 /* OpenSans-LightItalic.ttf in Resources */ = {isa = PBXBuildFile; fileRef = E84115112175A38F00C5E9D9 /* OpenSans-LightItalic.ttf */; };
		E84115232175A38F00C5E9D9 /* OpenSans-Bold.ttf in Resources */ = {isa = PBXBuildFile; fileRef = E84115122175A38F00C5E9D9 /* OpenSans-Bold.ttf */; };
		E84115242175A38F00C5E9D9 /* OpenSans-SemiboldItalic.ttf in Resources */ = {isa = PBXBuildFile; fileRef = E84115132175A38F00C5E9D9 /* OpenSans-SemiboldItalic.ttf */; };
		E84115252175A38F00C5E9D9 /* OpenSans-ExtraBoldItalic.ttf in Resources */ = {isa = PBXBuildFile; fileRef = E84115142175A38F00C5E9D9 /* OpenSans-ExtraBoldItalic.ttf */; };
		E84115262175A38F00C5E9D9 /* OpenSans-Regular.ttf in Resources */ = {isa = PBXBuildFile; fileRef = E84115152175A38F00C5E9D9 /* OpenSans-Regular.ttf */; };
		E84115272175A38F00C5E9D9 /* OpenSans-BoldItalic.ttf in Resources */ = {isa = PBXBuildFile; fileRef = E84115162175A38F00C5E9D9 /* OpenSans-BoldItalic.ttf */; };
		E841152A2175A4B300C5E9D9 /* Assets.xcassets in Resources */ = {isa = PBXBuildFile; fileRef = E84115292175A4B300C5E9D9 /* Assets.xcassets */; };
		E859A7842182A9C0007BF751 /* ImageCell.swift in Sources */ = {isa = PBXBuildFile; fileRef = E859A7812182A9BF007BF751 /* ImageCell.swift */; };
		E859A7852182A9C0007BF751 /* ImagePickerController.swift in Sources */ = {isa = PBXBuildFile; fileRef = E859A7822182A9BF007BF751 /* ImagePickerController.swift */; };
		E859A7862182A9C0007BF751 /* ImageRow.swift in Sources */ = {isa = PBXBuildFile; fileRef = E859A7832182A9C0007BF751 /* ImageRow.swift */; };
		E859A79B2182B21C007BF751 /* SegmentioCellWithImageBeforeLabel.swift in Sources */ = {isa = PBXBuildFile; fileRef = E859A7892182B21C007BF751 /* SegmentioCellWithImageBeforeLabel.swift */; };
		E859A79C2182B21C007BF751 /* SegmentioCellWithImageUnderLabel.swift in Sources */ = {isa = PBXBuildFile; fileRef = E859A78A2182B21C007BF751 /* SegmentioCellWithImageUnderLabel.swift */; };
		E859A79D2182B21C007BF751 /* SegmentioCell.swift in Sources */ = {isa = PBXBuildFile; fileRef = E859A78B2182B21C007BF751 /* SegmentioCell.swift */; };
		E859A79E2182B21C007BF751 /* SegmentioCellWithImageAfterLabel.swift in Sources */ = {isa = PBXBuildFile; fileRef = E859A78C2182B21C007BF751 /* SegmentioCellWithImageAfterLabel.swift */; };
		E859A79F2182B21C007BF751 /* SegmentioCellWithImage.swift in Sources */ = {isa = PBXBuildFile; fileRef = E859A78D2182B21C007BF751 /* SegmentioCellWithImage.swift */; };
		E859A7A02182B21C007BF751 /* SegmentioCellWithLabel.swift in Sources */ = {isa = PBXBuildFile; fileRef = E859A78E2182B21C007BF751 /* SegmentioCellWithLabel.swift */; };
		E859A7A12182B21C007BF751 /* SegmentioCellWithImageOverLabel.swift in Sources */ = {isa = PBXBuildFile; fileRef = E859A78F2182B21C007BF751 /* SegmentioCellWithImageOverLabel.swift */; };
		E859A7A22182B21C007BF751 /* UIView+Appearance.swift in Sources */ = {isa = PBXBuildFile; fileRef = E859A7912182B21C007BF751 /* UIView+Appearance.swift */; };
		E859A7A32182B21C007BF751 /* RoundImageView.swift in Sources */ = {isa = PBXBuildFile; fileRef = E859A7922182B21C007BF751 /* RoundImageView.swift */; };
		E859A7A42182B21C007BF751 /* SegmentioOptions.swift in Sources */ = {isa = PBXBuildFile; fileRef = E859A7932182B21C007BF751 /* SegmentioOptions.swift */; };
		E859A7A52182B21C007BF751 /* Segmentio.swift in Sources */ = {isa = PBXBuildFile; fileRef = E859A7942182B21C007BF751 /* Segmentio.swift */; };
		E859A7A62182B21C007BF751 /* BadgeViewPresenter.swift in Sources */ = {isa = PBXBuildFile; fileRef = E859A7962182B21C007BF751 /* BadgeViewPresenter.swift */; };
		E859A7A72182B21C007BF751 /* BadgeWithCounterViewBigSized.xib in Resources */ = {isa = PBXBuildFile; fileRef = E859A7982182B21C007BF751 /* BadgeWithCounterViewBigSized.xib */; };
		E859A7A82182B21C007BF751 /* BadgeWithCounterViewStandardSized.xib in Resources */ = {isa = PBXBuildFile; fileRef = E859A7992182B21C007BF751 /* BadgeWithCounterViewStandardSized.xib */; };
		E859A7A92182B21C007BF751 /* BadgeWithCounterView.swift in Sources */ = {isa = PBXBuildFile; fileRef = E859A79A2182B21C007BF751 /* BadgeWithCounterView.swift */; };
		E8782418217A8C9B001258C5 /* TagStackList.swift in Sources */ = {isa = PBXBuildFile; fileRef = E8782416217A8C9A001258C5 /* TagStackList.swift */; };
		E8782419217A8C9B001258C5 /* LabelType.swift in Sources */ = {isa = PBXBuildFile; fileRef = E8782417217A8C9B001258C5 /* LabelType.swift */; };
		E878241B217A8D43001258C5 /* NRLabel.swift in Sources */ = {isa = PBXBuildFile; fileRef = E878241A217A8D43001258C5 /* NRLabel.swift */; };
		E8861731217F50E40098D3EE /* LandingCardModel.swift in Sources */ = {isa = PBXBuildFile; fileRef = E8861730217F50E40098D3EE /* LandingCardModel.swift */; };
		E8861733217F522C0098D3EE /* DataCoordinator.swift in Sources */ = {isa = PBXBuildFile; fileRef = E8861732217F522C0098D3EE /* DataCoordinator.swift */; };
		E8861735217F55E70098D3EE /* TableViewResultAdapter.swift in Sources */ = {isa = PBXBuildFile; fileRef = E8861734217F55E70098D3EE /* TableViewResultAdapter.swift */; };
		E8861738217F90920098D3EE /* PatientListModel.swift in Sources */ = {isa = PBXBuildFile; fileRef = E8861737217F90920098D3EE /* PatientListModel.swift */; };
		E886173C217F98CC0098D3EE /* FormType.swift in Sources */ = {isa = PBXBuildFile; fileRef = E886173B217F98CC0098D3EE /* FormType.swift */; };
		E88920A6217BD50C004216F1 /* LandingCardViewController.swift in Sources */ = {isa = PBXBuildFile; fileRef = E88920A5217BD50C004216F1 /* LandingCardViewController.swift */; };
		E8ABF63F2178EE8000D0C41D /* BillingViewController.swift in Sources */ = {isa = PBXBuildFile; fileRef = E8ABF63E2178EE8000D0C41D /* BillingViewController.swift */; };
		E8ABF6412178EEA900D0C41D /* SettingsViewController.swift in Sources */ = {isa = PBXBuildFile; fileRef = E8ABF6402178EEA900D0C41D /* SettingsViewController.swift */; };
		E8C2A9AA217A03CE0032EED5 /* AnalyticsViewController.swift in Sources */ = {isa = PBXBuildFile; fileRef = E8C2A9A9217A03CE0032EED5 /* AnalyticsViewController.swift */; };
		E8C84C7E217FBF6300D77649 /* Patient+CoreDataClass.swift in Sources */ = {isa = PBXBuildFile; fileRef = E8C84C76217FBF6300D77649 /* Patient+CoreDataClass.swift */; };
		E8C84C7F217FBF6300D77649 /* Patient+CoreDataProperties.swift in Sources */ = {isa = PBXBuildFile; fileRef = E8C84C77217FBF6300D77649 /* Patient+CoreDataProperties.swift */; };
		E8C84C94217FC46F00D77649 /* Act+CoreDataClass.swift in Sources */ = {isa = PBXBuildFile; fileRef = E8C84C90217FC46F00D77649 /* Act+CoreDataClass.swift */; };
		E8C84C95217FC46F00D77649 /* Act+CoreDataProperties.swift in Sources */ = {isa = PBXBuildFile; fileRef = E8C84C91217FC46F00D77649 /* Act+CoreDataProperties.swift */; };
		E8C84C96217FC46F00D77649 /* Tag+CoreDataClass.swift in Sources */ = {isa = PBXBuildFile; fileRef = E8C84C92217FC46F00D77649 /* Tag+CoreDataClass.swift */; };
		E8C84C97217FC46F00D77649 /* Tag+CoreDataProperties.swift in Sources */ = {isa = PBXBuildFile; fileRef = E8C84C93217FC46F00D77649 /* Tag+CoreDataProperties.swift */; };
		E8C84C9C217FCCC600D77649 /* WorkListPatients.swift in Sources */ = {isa = PBXBuildFile; fileRef = E8C84C9B217FCCC600D77649 /* WorkListPatients.swift */; };
		E8C84C9E217FCFD800D77649 /* AllPatientsList.swift in Sources */ = {isa = PBXBuildFile; fileRef = E8C84C9D217FCFD800D77649 /* AllPatientsList.swift */; };
		E8C84CA221800F4500D77649 /* ActForm.swift in Sources */ = {isa = PBXBuildFile; fileRef = E8C84CA121800F4500D77649 /* ActForm.swift */; };
		E8C84CA4218253EE00D77649 /* NewPatientFormDelegate.swift in Sources */ = {isa = PBXBuildFile; fileRef = E8C84CA3218253EE00D77649 /* NewPatientFormDelegate.swift */; };
		E8C84CA821826C8E00D77649 /* Notes in Resources */ = {isa = PBXBuildFile; fileRef = E8C84CA721826C8E00D77649 /* Notes */; };
		E8C92F492175AEDC00B39CC4 /* fctet2.swift in Sources */ = {isa = PBXBuildFile; fileRef = E8C92F482175AEDC00B39CC4 /* fctet2.swift */; };
		E8D98660217D69CC00EFE369 /* PatientsCoordinator.swift in Sources */ = {isa = PBXBuildFile; fileRef = E8D9865F217D69CC00EFE369 /* PatientsCoordinator.swift */; };
		E8D98667217D7DF900EFE369 /* PatientForm.swift in Sources */ = {isa = PBXBuildFile; fileRef = E8D98666217D7DF900EFE369 /* PatientForm.swift */; };
/* End PBXBuildFile section */

/* Begin PBXFileReference section */
		0BC7339C681FB2F7F9462DA9 /* Pods-KKarla.release.xcconfig */ = {isa = PBXFileReference; includeInIndex = 1; lastKnownFileType = text.xcconfig; name = "Pods-KKarla.release.xcconfig"; path = "Pods/Target Support Files/Pods-KKarla/Pods-KKarla.release.xcconfig"; sourceTree = "<group>"; };
		46490DF824D37F6FAF1374ED /* Pods-KKarla.debug.xcconfig */ = {isa = PBXFileReference; includeInIndex = 1; lastKnownFileType = text.xcconfig; name = "Pods-KKarla.debug.xcconfig"; path = "Pods/Target Support Files/Pods-KKarla/Pods-KKarla.debug.xcconfig"; sourceTree = "<group>"; };
		6A32F91121B2BEF900BB1234 /* ImageService.swift */ = {isa = PBXFileReference; fileEncoding = 4; lastKnownFileType = sourcecode.swift; path = ImageService.swift; sourceTree = "<group>"; };
		6A32F91421B2D27600BB1234 /* dayMonthYear.swift */ = {isa = PBXFileReference; lastKnownFileType = sourcecode.swift; path = dayMonthYear.swift; sourceTree = "<group>"; };
		6A32F91621B2D9B000BB1234 /* DiagnosticEpisodeForm.swift */ = {isa = PBXFileReference; lastKnownFileType = sourcecode.swift; path = DiagnosticEpisodeForm.swift; sourceTree = "<group>"; };
		6A32F91821B2EC4900BB1234 /* EurekaDxEpisodeChoiceCell.swift */ = {isa = PBXFileReference; lastKnownFileType = sourcecode.swift; path = EurekaDxEpisodeChoiceCell.swift; sourceTree = "<group>"; };
		6A32F91921B2EC4900BB1234 /* EurekaDxEpisodeChoiceCell.xib */ = {isa = PBXFileReference; lastKnownFileType = file.xib; path = EurekaDxEpisodeChoiceCell.xib; sourceTree = "<group>"; };
		6A32F91E21B3744200BB1234 /* PatientSearchController.swift */ = {isa = PBXFileReference; lastKnownFileType = sourcecode.swift; path = PatientSearchController.swift; sourceTree = "<group>"; };
		6A32F92221B458F600BB1234 /* ASTSegment.swift */ = {isa = PBXFileReference; lastKnownFileType = sourcecode.swift; path = ASTSegment.swift; sourceTree = "<group>"; };
		6A32F92421B45E9D00BB1234 /* KSegmentedControl.swift */ = {isa = PBXFileReference; lastKnownFileType = sourcecode.swift; path = KSegmentedControl.swift; sourceTree = "<group>"; };
		6A32F92621B46DA900BB1234 /* QuickParser.swift */ = {isa = PBXFileReference; lastKnownFileType = sourcecode.swift; path = QuickParser.swift; sourceTree = "<group>"; };
		6A32F92821B47AA300BB1234 /* ContainsNumbers.swift */ = {isa = PBXFileReference; lastKnownFileType = sourcecode.swift; path = ContainsNumbers.swift; sourceTree = "<group>"; };
		6A32F92A21B4EFAD00BB1234 /* SegmentedCellWidth.swift */ = {isa = PBXFileReference; lastKnownFileType = sourcecode.swift; path = SegmentedCellWidth.swift; sourceTree = "<group>"; };
		6A32F92E21B5F57F00BB1234 /* ActListModel.swift */ = {isa = PBXFileReference; lastKnownFileType = sourcecode.swift; path = ActListModel.swift; sourceTree = "<group>"; };
		6A32F93021B5F7CC00BB1234 /* ActTableViewCell.swift */ = {isa = PBXFileReference; lastKnownFileType = sourcecode.swift; path = ActTableViewCell.swift; sourceTree = "<group>"; };
		6A32F93121B5F7CC00BB1234 /* ActTableViewCell.xib */ = {isa = PBXFileReference; lastKnownFileType = file.xib; path = ActTableViewCell.xib; sourceTree = "<group>"; };
		6A32F93421B6076A00BB1234 /* DiagnosticEpisodeListModel.swift */ = {isa = PBXFileReference; lastKnownFileType = sourcecode.swift; path = DiagnosticEpisodeListModel.swift; sourceTree = "<group>"; };
		6A32F93621B6088D00BB1234 /* DiagnosticEpisodeTableViewCell.swift */ = {isa = PBXFileReference; lastKnownFileType = sourcecode.swift; path = DiagnosticEpisodeTableViewCell.swift; sourceTree = "<group>"; };
		6A32F93721B6088D00BB1234 /* DiagnosticEpisodeTableViewCell.xib */ = {isa = PBXFileReference; lastKnownFileType = file.xib; path = DiagnosticEpisodeTableViewCell.xib; sourceTree = "<group>"; };
		6A32F93A21B6119700BB1234 /* BorderExtension.swift */ = {isa = PBXFileReference; lastKnownFileType = sourcecode.swift; path = BorderExtension.swift; sourceTree = "<group>"; };
		6A32F93C21B687C600BB1234 /* DiagnosticEpisodeFormView.xib */ = {isa = PBXFileReference; lastKnownFileType = file.xib; path = DiagnosticEpisodeFormView.xib; sourceTree = "<group>"; };
		6A36B04B21AB95CA00C4F9A8 /* TagsListModel.swift */ = {isa = PBXFileReference; lastKnownFileType = sourcecode.swift; path = TagsListModel.swift; sourceTree = "<group>"; };
		6A36B04D21AB972300C4F9A8 /* BaseWorkListsListTVC.swift */ = {isa = PBXFileReference; lastKnownFileType = sourcecode.swift; path = BaseWorkListsListTVC.swift; sourceTree = "<group>"; };
		6A36B04F21AB97BE00C4F9A8 /* ClinicalListTVC.swift */ = {isa = PBXFileReference; fileEncoding = 4; lastKnownFileType = sourcecode.swift; path = ClinicalListTVC.swift; sourceTree = "<group>"; };
		6A36B05121AB97CE00C4F9A8 /* ClinicalListTVC.xib */ = {isa = PBXFileReference; fileEncoding = 4; lastKnownFileType = file.xib; path = ClinicalListTVC.xib; sourceTree = "<group>"; };
		6A3BF0E721AB1D4200CA0A71 /* BasePatientsListTVC.swift */ = {isa = PBXFileReference; lastKnownFileType = sourcecode.swift; path = BasePatientsListTVC.swift; sourceTree = "<group>"; };
		6A4ED3D321B84D7B00935C0A /* PatientFormDelegate.swift */ = {isa = PBXFileReference; lastKnownFileType = sourcecode.swift; path = PatientFormDelegate.swift; sourceTree = "<group>"; };
		6A4ED3D621BDB49800935C0A /* PatientTableCell2.xib */ = {isa = PBXFileReference; fileEncoding = 4; lastKnownFileType = file.xib; path = PatientTableCell2.xib; sourceTree = "<group>"; };
		6A533A9321AB590F000FB93E /* Populator.swift */ = {isa = PBXFileReference; fileEncoding = 4; lastKnownFileType = sourcecode.swift; path = Populator.swift; sourceTree = "<group>"; };
		6A533A9521AB665D000FB93E /* ActiveListPatientsVC.swift */ = {isa = PBXFileReference; lastKnownFileType = sourcecode.swift; path = ActiveListPatientsVC.swift; sourceTree = "<group>"; };
		6A533A9821AB7871000FB93E /* ClinicalListModel.swift */ = {isa = PBXFileReference; lastKnownFileType = sourcecode.swift; path = ClinicalListModel.swift; sourceTree = "<group>"; };
		6A58514621AF551500EE6943 /* BaseTagsListTVC.swift */ = {isa = PBXFileReference; lastKnownFileType = sourcecode.swift; path = BaseTagsListTVC.swift; sourceTree = "<group>"; };
		6A58514821AF55AF00EE6943 /* TagsListTableViewCell.swift */ = {isa = PBXFileReference; lastKnownFileType = sourcecode.swift; path = TagsListTableViewCell.swift; sourceTree = "<group>"; };
		6A58514921AF55AF00EE6943 /* TagsListTableViewCell.xib */ = {isa = PBXFileReference; lastKnownFileType = file.xib; path = TagsListTableViewCell.xib; sourceTree = "<group>"; };
		6A58515421AF63E500EE6943 /* ClinicalList+CoreDataClass.swift */ = {isa = PBXFileReference; lastKnownFileType = sourcecode.swift; path = "ClinicalList+CoreDataClass.swift"; sourceTree = "<group>"; };
		6A58515521AF63E500EE6943 /* ClinicalList+CoreDataProperties.swift */ = {isa = PBXFileReference; lastKnownFileType = sourcecode.swift; path = "ClinicalList+CoreDataProperties.swift"; sourceTree = "<group>"; };
		6A58515A21AF65E400EE6943 /* DiagnosticEpisode+CoreDataClass.swift */ = {isa = PBXFileReference; lastKnownFileType = sourcecode.swift; path = "DiagnosticEpisode+CoreDataClass.swift"; sourceTree = "<group>"; };
		6A58515B21AF65E400EE6943 /* DiagnosticEpisode+CoreDataProperties.swift */ = {isa = PBXFileReference; lastKnownFileType = sourcecode.swift; path = "DiagnosticEpisode+CoreDataProperties.swift"; sourceTree = "<group>"; };
		6A806D5121B04371004E85A2 /* PatientsFilterSegmentedControl.swift */ = {isa = PBXFileReference; lastKnownFileType = sourcecode.swift; path = PatientsFilterSegmentedControl.swift; sourceTree = "<group>"; };
		6A806D5321B09A04004E85A2 /* AllPatientsListVC.swift */ = {isa = PBXFileReference; lastKnownFileType = sourcecode.swift; path = AllPatientsListVC.swift; sourceTree = "<group>"; };
		6A806D5521B0DDD1004E85A2 /* ButtonTagStackList.swift */ = {isa = PBXFileReference; lastKnownFileType = sourcecode.swift; path = ButtonTagStackList.swift; sourceTree = "<group>"; };
		6A806D6121B1D6F2004E85A2 /* DetailedPatientViewVC.swift */ = {isa = PBXFileReference; lastKnownFileType = sourcecode.swift; path = DetailedPatientViewVC.swift; sourceTree = "<group>"; };
		6A816EED21AC2AF800031BAB /* BillingCodes.swift */ = {isa = PBXFileReference; lastKnownFileType = sourcecode.swift; path = BillingCodes.swift; sourceTree = "<group>"; };
		6A82B7F321C9245C0035ED0D /* PatientForm2.swift */ = {isa = PBXFileReference; fileEncoding = 4; lastKnownFileType = sourcecode.swift; path = PatientForm2.swift; sourceTree = "<group>"; };
		6A82B7F521C973200035ED0D /* DetailedPatientForm.xib */ = {isa = PBXFileReference; lastKnownFileType = file.xib; path = DetailedPatientForm.xib; sourceTree = "<group>"; };
		6A834AB421ADB9B900451E0D /* TagForm.swift */ = {isa = PBXFileReference; lastKnownFileType = sourcecode.swift; path = TagForm.swift; sourceTree = "<group>"; };
		6A868E9121C7810500ECA7BD /* PatientTableCell4.xib */ = {isa = PBXFileReference; fileEncoding = 4; lastKnownFileType = file.xib; path = PatientTableCell4.xib; sourceTree = "<group>"; };
		6A868E9621C7F88F00ECA7BD /* BasePatientTableCell.xib */ = {isa = PBXFileReference; fileEncoding = 4; lastKnownFileType = file.xib; path = BasePatientTableCell.xib; sourceTree = "<group>"; };
		6A868E9821C7F93500ECA7BD /* BasePatientTableViewCell.swift */ = {isa = PBXFileReference; fileEncoding = 4; lastKnownFileType = sourcecode.swift; path = BasePatientTableViewCell.swift; sourceTree = "<group>"; };
		6A8E377421AAE166004F1EFF /* PatientTableCell.xib */ = {isa = PBXFileReference; lastKnownFileType = file.xib; path = PatientTableCell.xib; sourceTree = "<group>"; };
		6AADF72721C0B5EC00DFD0B9 /* PatientTableCell3.xib */ = {isa = PBXFileReference; fileEncoding = 4; lastKnownFileType = file.xib; path = PatientTableCell3.xib; sourceTree = "<group>"; };
		6ADCB58F21AAFE320005BBE3 /* PatientTableViewCell.swift */ = {isa = PBXFileReference; lastKnownFileType = sourcecode.swift; path = PatientTableViewCell.swift; sourceTree = "<group>"; };
		E043F8B2F0E2DF630E4C3B97 /* Pods_KKarla.framework */ = {isa = PBXFileReference; explicitFileType = wrapper.framework; includeInIndex = 0; path = Pods_KKarla.framework; sourceTree = BUILT_PRODUCTS_DIR; };
		E822210B217CF73000CEE16C /* ClinicalListForm.swift */ = {isa = PBXFileReference; lastKnownFileType = sourcecode.swift; path = ClinicalListForm.swift; sourceTree = "<group>"; };
		E822210D217CFB0700CEE16C /* KarlaForm.swift */ = {isa = PBXFileReference; lastKnownFileType = sourcecode.swift; path = KarlaForm.swift; sourceTree = "<group>"; };
		E822211D217D418000CEE16C /* KarlaFormDelegate.swift */ = {isa = PBXFileReference; lastKnownFileType = sourcecode.swift; path = KarlaFormDelegate.swift; sourceTree = "<group>"; };
		E8222120217D525D00CEE16C /* KKarlaDatabase1.xcdatamodel */ = {isa = PBXFileReference; lastKnownFileType = wrapper.xcdatamodel; path = KKarlaDatabase1.xcdatamodel; sourceTree = "<group>"; };
		E82E09F32178065A006A4B88 /* PatientListTableViewController.swift */ = {isa = PBXFileReference; lastKnownFileType = sourcecode.swift; path = PatientListTableViewController.swift; sourceTree = "<group>"; };
		E82E09F52178070C006A4B88 /* SimpleCellTableViewCell.swift */ = {isa = PBXFileReference; lastKnownFileType = sourcecode.swift; path = SimpleCellTableViewCell.swift; sourceTree = "<group>"; };
		E82E09F9217830C7006A4B88 /* EowDetailViewController.swift */ = {isa = PBXFileReference; lastKnownFileType = sourcecode.swift; path = EowDetailViewController.swift; sourceTree = "<group>"; };
		E82E179A2176A7D400F57761 /* Gradients.swift */ = {isa = PBXFileReference; fileEncoding = 4; lastKnownFileType = sourcecode.swift; path = Gradients.swift; sourceTree = "<group>"; };
		E82E179B2176A7D400F57761 /* Gradients+Extension.swift */ = {isa = PBXFileReference; fileEncoding = 4; lastKnownFileType = sourcecode.swift; path = "Gradients+Extension.swift"; sourceTree = "<group>"; };
		E82E179C2176A7D400F57761 /* Color+Extension.swift */ = {isa = PBXFileReference; fileEncoding = 4; lastKnownFileType = sourcecode.swift; path = "Color+Extension.swift"; sourceTree = "<group>"; };
		E82E179D2176A7D400F57761 /* Direction.swift */ = {isa = PBXFileReference; fileEncoding = 4; lastKnownFileType = sourcecode.swift; path = Direction.swift; sourceTree = "<group>"; };
		E84114A7217210DC00C5E9D9 /* KKarla.app */ = {isa = PBXFileReference; explicitFileType = wrapper.application; includeInIndex = 0; path = KKarla.app; sourceTree = BUILT_PRODUCTS_DIR; };
		E84114AA217210DC00C5E9D9 /* AppDelegate.swift */ = {isa = PBXFileReference; lastKnownFileType = sourcecode.swift; path = AppDelegate.swift; sourceTree = "<group>"; };
		E84114AF217210DC00C5E9D9 /* Base */ = {isa = PBXFileReference; lastKnownFileType = file.storyboard; name = Base; path = Base.lproj/Main.storyboard; sourceTree = "<group>"; };
		E84114B4217210DE00C5E9D9 /* Base */ = {isa = PBXFileReference; lastKnownFileType = file.storyboard; name = Base; path = Base.lproj/LaunchScreen.storyboard; sourceTree = "<group>"; };
		E84114B6217210DE00C5E9D9 /* Info.plist */ = {isa = PBXFileReference; lastKnownFileType = text.plist.xml; path = Info.plist; sourceTree = "<group>"; };
		E84114BC2172110000C5E9D9 /* Coordinator.swift */ = {isa = PBXFileReference; lastKnownFileType = sourcecode.swift; path = Coordinator.swift; sourceTree = "<group>"; };
		E84114BE217211B200C5E9D9 /* Storyboarded.swift */ = {isa = PBXFileReference; lastKnownFileType = sourcecode.swift; path = Storyboarded.swift; sourceTree = "<group>"; };
		E84114C0217213EF00C5E9D9 /* MainCoordinator.swift */ = {isa = PBXFileReference; lastKnownFileType = sourcecode.swift; path = MainCoordinator.swift; sourceTree = "<group>"; };
		E84114C521721C8200C5E9D9 /* CardsStackViewController.swift */ = {isa = PBXFileReference; lastKnownFileType = sourcecode.swift; path = CardsStackViewController.swift; sourceTree = "<group>"; };
		E84114FD21758C8D00C5E9D9 /* FoldingTestTableViewController.swift */ = {isa = PBXFileReference; lastKnownFileType = sourcecode.swift; path = FoldingTestTableViewController.swift; sourceTree = "<group>"; };
		E84114FF2175924000C5E9D9 /* DemoFoldingCell.swift */ = {isa = PBXFileReference; fileEncoding = 4; lastKnownFileType = sourcecode.swift; path = DemoFoldingCell.swift; sourceTree = "<group>"; };
		E84115012175A1DF00C5E9D9 /* FoldingCell.swift */ = {isa = PBXFileReference; fileEncoding = 4; lastKnownFileType = sourcecode.swift; path = FoldingCell.swift; sourceTree = "<group>"; };
		E84115042175A38F00C5E9D9 /* DemoCell.swift */ = {isa = PBXFileReference; fileEncoding = 4; lastKnownFileType = sourcecode.swift; path = DemoCell.swift; sourceTree = "<group>"; };
		E84115052175A38F00C5E9D9 /* MainTableViewController.swift */ = {isa = PBXFileReference; fileEncoding = 4; lastKnownFileType = sourcecode.swift; path = MainTableViewController.swift; sourceTree = "<group>"; };
		E841150D2175A38F00C5E9D9 /* OpenSans-Semibold.ttf */ = {isa = PBXFileReference; lastKnownFileType = file; path = "OpenSans-Semibold.ttf"; sourceTree = "<group>"; };
		E841150E2175A38F00C5E9D9 /* OpenSans-Light.ttf */ = {isa = PBXFileReference; lastKnownFileType = file; path = "OpenSans-Light.ttf"; sourceTree = "<group>"; };
		E841150F2175A38F00C5E9D9 /* OpenSans-Italic.ttf */ = {isa = PBXFileReference; lastKnownFileType = file; path = "OpenSans-Italic.ttf"; sourceTree = "<group>"; };
		E84115102175A38F00C5E9D9 /* OpenSans-ExtraBold.ttf */ = {isa = PBXFileReference; lastKnownFileType = file; path = "OpenSans-ExtraBold.ttf"; sourceTree = "<group>"; };
		E84115112175A38F00C5E9D9 /* OpenSans-LightItalic.ttf */ = {isa = PBXFileReference; lastKnownFileType = file; path = "OpenSans-LightItalic.ttf"; sourceTree = "<group>"; };
		E84115122175A38F00C5E9D9 /* OpenSans-Bold.ttf */ = {isa = PBXFileReference; lastKnownFileType = file; path = "OpenSans-Bold.ttf"; sourceTree = "<group>"; };
		E84115132175A38F00C5E9D9 /* OpenSans-SemiboldItalic.ttf */ = {isa = PBXFileReference; lastKnownFileType = file; path = "OpenSans-SemiboldItalic.ttf"; sourceTree = "<group>"; };
		E84115142175A38F00C5E9D9 /* OpenSans-ExtraBoldItalic.ttf */ = {isa = PBXFileReference; lastKnownFileType = file; path = "OpenSans-ExtraBoldItalic.ttf"; sourceTree = "<group>"; };
		E84115152175A38F00C5E9D9 /* OpenSans-Regular.ttf */ = {isa = PBXFileReference; lastKnownFileType = file; path = "OpenSans-Regular.ttf"; sourceTree = "<group>"; };
		E84115162175A38F00C5E9D9 /* OpenSans-BoldItalic.ttf */ = {isa = PBXFileReference; lastKnownFileType = file; path = "OpenSans-BoldItalic.ttf"; sourceTree = "<group>"; };
		E84115292175A4B300C5E9D9 /* Assets.xcassets */ = {isa = PBXFileReference; lastKnownFileType = folder.assetcatalog; path = Assets.xcassets; sourceTree = "<group>"; };
		E859A7812182A9BF007BF751 /* ImageCell.swift */ = {isa = PBXFileReference; fileEncoding = 4; lastKnownFileType = sourcecode.swift; path = ImageCell.swift; sourceTree = "<group>"; };
		E859A7822182A9BF007BF751 /* ImagePickerController.swift */ = {isa = PBXFileReference; fileEncoding = 4; lastKnownFileType = sourcecode.swift; path = ImagePickerController.swift; sourceTree = "<group>"; };
		E859A7832182A9C0007BF751 /* ImageRow.swift */ = {isa = PBXFileReference; fileEncoding = 4; lastKnownFileType = sourcecode.swift; path = ImageRow.swift; sourceTree = "<group>"; };
		E859A7892182B21C007BF751 /* SegmentioCellWithImageBeforeLabel.swift */ = {isa = PBXFileReference; fileEncoding = 4; lastKnownFileType = sourcecode.swift; path = SegmentioCellWithImageBeforeLabel.swift; sourceTree = "<group>"; };
		E859A78A2182B21C007BF751 /* SegmentioCellWithImageUnderLabel.swift */ = {isa = PBXFileReference; fileEncoding = 4; lastKnownFileType = sourcecode.swift; path = SegmentioCellWithImageUnderLabel.swift; sourceTree = "<group>"; };
		E859A78B2182B21C007BF751 /* SegmentioCell.swift */ = {isa = PBXFileReference; fileEncoding = 4; lastKnownFileType = sourcecode.swift; path = SegmentioCell.swift; sourceTree = "<group>"; };
		E859A78C2182B21C007BF751 /* SegmentioCellWithImageAfterLabel.swift */ = {isa = PBXFileReference; fileEncoding = 4; lastKnownFileType = sourcecode.swift; path = SegmentioCellWithImageAfterLabel.swift; sourceTree = "<group>"; };
		E859A78D2182B21C007BF751 /* SegmentioCellWithImage.swift */ = {isa = PBXFileReference; fileEncoding = 4; lastKnownFileType = sourcecode.swift; path = SegmentioCellWithImage.swift; sourceTree = "<group>"; };
		E859A78E2182B21C007BF751 /* SegmentioCellWithLabel.swift */ = {isa = PBXFileReference; fileEncoding = 4; lastKnownFileType = sourcecode.swift; path = SegmentioCellWithLabel.swift; sourceTree = "<group>"; };
		E859A78F2182B21C007BF751 /* SegmentioCellWithImageOverLabel.swift */ = {isa = PBXFileReference; fileEncoding = 4; lastKnownFileType = sourcecode.swift; path = SegmentioCellWithImageOverLabel.swift; sourceTree = "<group>"; };
		E859A7912182B21C007BF751 /* UIView+Appearance.swift */ = {isa = PBXFileReference; fileEncoding = 4; lastKnownFileType = sourcecode.swift; path = "UIView+Appearance.swift"; sourceTree = "<group>"; };
		E859A7922182B21C007BF751 /* RoundImageView.swift */ = {isa = PBXFileReference; fileEncoding = 4; lastKnownFileType = sourcecode.swift; path = RoundImageView.swift; sourceTree = "<group>"; };
		E859A7932182B21C007BF751 /* SegmentioOptions.swift */ = {isa = PBXFileReference; fileEncoding = 4; lastKnownFileType = sourcecode.swift; path = SegmentioOptions.swift; sourceTree = "<group>"; };
		E859A7942182B21C007BF751 /* Segmentio.swift */ = {isa = PBXFileReference; fileEncoding = 4; lastKnownFileType = sourcecode.swift; path = Segmentio.swift; sourceTree = "<group>"; };
		E859A7962182B21C007BF751 /* BadgeViewPresenter.swift */ = {isa = PBXFileReference; fileEncoding = 4; lastKnownFileType = sourcecode.swift; path = BadgeViewPresenter.swift; sourceTree = "<group>"; };
		E859A7982182B21C007BF751 /* BadgeWithCounterViewBigSized.xib */ = {isa = PBXFileReference; fileEncoding = 4; lastKnownFileType = file.xib; path = BadgeWithCounterViewBigSized.xib; sourceTree = "<group>"; };
		E859A7992182B21C007BF751 /* BadgeWithCounterViewStandardSized.xib */ = {isa = PBXFileReference; fileEncoding = 4; lastKnownFileType = file.xib; path = BadgeWithCounterViewStandardSized.xib; sourceTree = "<group>"; };
		E859A79A2182B21C007BF751 /* BadgeWithCounterView.swift */ = {isa = PBXFileReference; fileEncoding = 4; lastKnownFileType = sourcecode.swift; path = BadgeWithCounterView.swift; sourceTree = "<group>"; };
		E8782416217A8C9A001258C5 /* TagStackList.swift */ = {isa = PBXFileReference; fileEncoding = 4; lastKnownFileType = sourcecode.swift; path = TagStackList.swift; sourceTree = "<group>"; };
		E8782417217A8C9B001258C5 /* LabelType.swift */ = {isa = PBXFileReference; fileEncoding = 4; lastKnownFileType = sourcecode.swift; path = LabelType.swift; sourceTree = "<group>"; };
		E878241A217A8D43001258C5 /* NRLabel.swift */ = {isa = PBXFileReference; fileEncoding = 4; lastKnownFileType = sourcecode.swift; path = NRLabel.swift; sourceTree = "<group>"; };
		E8861730217F50E40098D3EE /* LandingCardModel.swift */ = {isa = PBXFileReference; lastKnownFileType = sourcecode.swift; path = LandingCardModel.swift; sourceTree = "<group>"; };
		E8861732217F522C0098D3EE /* DataCoordinator.swift */ = {isa = PBXFileReference; lastKnownFileType = sourcecode.swift; path = DataCoordinator.swift; sourceTree = "<group>"; };
		E8861734217F55E70098D3EE /* TableViewResultAdapter.swift */ = {isa = PBXFileReference; lastKnownFileType = sourcecode.swift; path = TableViewResultAdapter.swift; sourceTree = "<group>"; };
		E8861737217F90920098D3EE /* PatientListModel.swift */ = {isa = PBXFileReference; lastKnownFileType = sourcecode.swift; path = PatientListModel.swift; sourceTree = "<group>"; };
		E886173B217F98CC0098D3EE /* FormType.swift */ = {isa = PBXFileReference; lastKnownFileType = sourcecode.swift; path = FormType.swift; sourceTree = "<group>"; };
		E88920A5217BD50C004216F1 /* LandingCardViewController.swift */ = {isa = PBXFileReference; lastKnownFileType = sourcecode.swift; path = LandingCardViewController.swift; sourceTree = "<group>"; };
		E8ABF63E2178EE8000D0C41D /* BillingViewController.swift */ = {isa = PBXFileReference; lastKnownFileType = sourcecode.swift; path = BillingViewController.swift; sourceTree = "<group>"; };
		E8ABF6402178EEA900D0C41D /* SettingsViewController.swift */ = {isa = PBXFileReference; lastKnownFileType = sourcecode.swift; path = SettingsViewController.swift; sourceTree = "<group>"; };
		E8C2A9A9217A03CE0032EED5 /* AnalyticsViewController.swift */ = {isa = PBXFileReference; lastKnownFileType = sourcecode.swift; path = AnalyticsViewController.swift; sourceTree = "<group>"; };
		E8C84C76217FBF6300D77649 /* Patient+CoreDataClass.swift */ = {isa = PBXFileReference; lastKnownFileType = sourcecode.swift; path = "Patient+CoreDataClass.swift"; sourceTree = "<group>"; };
		E8C84C77217FBF6300D77649 /* Patient+CoreDataProperties.swift */ = {isa = PBXFileReference; lastKnownFileType = sourcecode.swift; path = "Patient+CoreDataProperties.swift"; sourceTree = "<group>"; };
		E8C84C90217FC46F00D77649 /* Act+CoreDataClass.swift */ = {isa = PBXFileReference; lastKnownFileType = sourcecode.swift; path = "Act+CoreDataClass.swift"; sourceTree = "<group>"; };
		E8C84C91217FC46F00D77649 /* Act+CoreDataProperties.swift */ = {isa = PBXFileReference; lastKnownFileType = sourcecode.swift; path = "Act+CoreDataProperties.swift"; sourceTree = "<group>"; };
		E8C84C92217FC46F00D77649 /* Tag+CoreDataClass.swift */ = {isa = PBXFileReference; lastKnownFileType = sourcecode.swift; path = "Tag+CoreDataClass.swift"; sourceTree = "<group>"; };
		E8C84C93217FC46F00D77649 /* Tag+CoreDataProperties.swift */ = {isa = PBXFileReference; lastKnownFileType = sourcecode.swift; path = "Tag+CoreDataProperties.swift"; sourceTree = "<group>"; };
		E8C84C9B217FCCC600D77649 /* WorkListPatients.swift */ = {isa = PBXFileReference; lastKnownFileType = sourcecode.swift; path = WorkListPatients.swift; sourceTree = "<group>"; };
		E8C84C9D217FCFD800D77649 /* AllPatientsList.swift */ = {isa = PBXFileReference; lastKnownFileType = sourcecode.swift; path = AllPatientsList.swift; sourceTree = "<group>"; };
		E8C84CA121800F4500D77649 /* ActForm.swift */ = {isa = PBXFileReference; lastKnownFileType = sourcecode.swift; path = ActForm.swift; sourceTree = "<group>"; };
		E8C84CA3218253EE00D77649 /* NewPatientFormDelegate.swift */ = {isa = PBXFileReference; lastKnownFileType = sourcecode.swift; path = NewPatientFormDelegate.swift; sourceTree = "<group>"; };
		E8C84CA721826C8E00D77649 /* Notes */ = {isa = PBXFileReference; lastKnownFileType = text; path = Notes; sourceTree = "<group>"; };
		E8C92F482175AEDC00B39CC4 /* fctet2.swift */ = {isa = PBXFileReference; lastKnownFileType = sourcecode.swift; path = fctet2.swift; sourceTree = "<group>"; };
		E8D9865F217D69CC00EFE369 /* PatientsCoordinator.swift */ = {isa = PBXFileReference; lastKnownFileType = sourcecode.swift; path = PatientsCoordinator.swift; sourceTree = "<group>"; };
		E8D98666217D7DF900EFE369 /* PatientForm.swift */ = {isa = PBXFileReference; lastKnownFileType = sourcecode.swift; path = PatientForm.swift; sourceTree = "<group>"; };
/* End PBXFileReference section */

/* Begin PBXFrameworksBuildPhase section */
		E84114A4217210DC00C5E9D9 /* Frameworks */ = {
			isa = PBXFrameworksBuildPhase;
			buildActionMask = 2147483647;
			files = (
				6D84F2CB1929288333473509 /* Pods_KKarla.framework in Frameworks */,
			);
			runOnlyForDeploymentPostprocessing = 0;
		};
/* End PBXFrameworksBuildPhase section */

/* Begin PBXGroup section */
		01229F4D958CACEC850AA5A9 /* Pods */ = {
			isa = PBXGroup;
			children = (
				46490DF824D37F6FAF1374ED /* Pods-KKarla.debug.xcconfig */,
				0BC7339C681FB2F7F9462DA9 /* Pods-KKarla.release.xcconfig */,
			);
			name = Pods;
			sourceTree = "<group>";
		};
		3C4533EC7C47F593FDC8CA38 /* Frameworks */ = {
			isa = PBXGroup;
			children = (
				E043F8B2F0E2DF630E4C3B97 /* Pods_KKarla.framework */,
			);
			name = Frameworks;
			sourceTree = "<group>";
		};
		6A3BF0E221AB11A600CA0A71 /* Models */ = {
			isa = PBXGroup;
			children = (
				E84114C721721CAB00C5E9D9 /* CoreDataModels */,
				E8861737217F90920098D3EE /* PatientListModel.swift */,
				6A533A9821AB7871000FB93E /* ClinicalListModel.swift */,
				6A32F92E21B5F57F00BB1234 /* ActListModel.swift */,
				6A32F93421B6076A00BB1234 /* DiagnosticEpisodeListModel.swift */,
				6A36B04B21AB95CA00C4F9A8 /* TagsListModel.swift */,
			);
			path = Models;
			sourceTree = "<group>";
		};
		6A3BF0E321AB11C900CA0A71 /* Forms Controllers */ = {
			isa = PBXGroup;
			children = (
				E822210D217CFB0700CEE16C /* KarlaForm.swift */,
				E822210B217CF73000CEE16C /* ClinicalListForm.swift */,
				E8D98666217D7DF900EFE369 /* PatientForm.swift */,
				6A82B7F321C9245C0035ED0D /* PatientForm2.swift */,
				E8C84CA121800F4500D77649 /* ActForm.swift */,
				6A834AB421ADB9B900451E0D /* TagForm.swift */,
				6A4ED3D321B84D7B00935C0A /* PatientFormDelegate.swift */,
				6A32F92621B46DA900BB1234 /* QuickParser.swift */,
				6A32F92A21B4EFAD00BB1234 /* SegmentedCellWidth.swift */,
				6A32F91621B2D9B000BB1234 /* DiagnosticEpisodeForm.swift */,
			);
			path = "Forms Controllers";
			sourceTree = "<group>";
		};
		6A3BF0E421AB12DF00CA0A71 /* TRASH */ = {
			isa = PBXGroup;
			children = (
				6A533A9721AB6B31000FB93E /* Oldies */,
				E8861730217F50E40098D3EE /* LandingCardModel.swift */,
				E822211D217D418000CEE16C /* KarlaFormDelegate.swift */,
				E886173B217F98CC0098D3EE /* FormType.swift */,
				E8C84CA3218253EE00D77649 /* NewPatientFormDelegate.swift */,
				E82E09F52178070C006A4B88 /* SimpleCellTableViewCell.swift */,
			);
			path = TRASH;
			sourceTree = "<group>";
		};
		6A3BF0E521AB161D00CA0A71 /* View Controllers */ = {
			isa = PBXGroup;
			children = (
				E88920A5217BD50C004216F1 /* LandingCardViewController.swift */,
				6A3BF0E721AB1D4200CA0A71 /* BasePatientsListTVC.swift */,
				6A58514621AF551500EE6943 /* BaseTagsListTVC.swift */,
				6A36B04D21AB972300C4F9A8 /* BaseWorkListsListTVC.swift */,
				6A806D6121B1D6F2004E85A2 /* DetailedPatientViewVC.swift */,
				6A533A9521AB665D000FB93E /* ActiveListPatientsVC.swift */,
				6A806D5321B09A04004E85A2 /* AllPatientsListVC.swift */,
			);
			path = "View Controllers";
			sourceTree = "<group>";
		};
		6A3BF0E621AB1C9600CA0A71 /* PtTabHelpers */ = {
			isa = PBXGroup;
			children = (
				6A32F91421B2D27600BB1234 /* dayMonthYear.swift */,
				E859A7802182A9B1007BF751 /* ImageRow */,
				E8C84C9A217FC54B00D77649 /* Labels */,
				6A533A9321AB590F000FB93E /* Populator.swift */,
				E8861732217F522C0098D3EE /* DataCoordinator.swift */,
				6A32F91121B2BEF900BB1234 /* ImageService.swift */,
				E84114BE217211B200C5E9D9 /* Storyboarded.swift */,
				6A806D5121B04371004E85A2 /* PatientsFilterSegmentedControl.swift */,
				6A32F91E21B3744200BB1234 /* PatientSearchController.swift */,
				E8861734217F55E70098D3EE /* TableViewResultAdapter.swift */,
				6A816EED21AC2AF800031BAB /* BillingCodes.swift */,
				6A32F93A21B6119700BB1234 /* BorderExtension.swift */,
				6A32F92821B47AA300BB1234 /* ContainsNumbers.swift */,
				6A32F92421B45E9D00BB1234 /* KSegmentedControl.swift */,
				6A32F92221B458F600BB1234 /* ASTSegment.swift */,
			);
			path = PtTabHelpers;
			sourceTree = "<group>";
		};
		6A533A9721AB6B31000FB93E /* Oldies */ = {
			isa = PBXGroup;
			children = (
				E82E09F32178065A006A4B88 /* PatientListTableViewController.swift */,
				E8C84C9B217FCCC600D77649 /* WorkListPatients.swift */,
				E8C84C9D217FCFD800D77649 /* AllPatientsList.swift */,
			);
			path = Oldies;
			sourceTree = "<group>";
		};
		6A8E377321AAE130004F1EFF /* Views */ = {
			isa = PBXGroup;
			children = (
				6A8E377421AAE166004F1EFF /* PatientTableCell.xib */,
				6A4ED3D621BDB49800935C0A /* PatientTableCell2.xib */,
				6AADF72721C0B5EC00DFD0B9 /* PatientTableCell3.xib */,
				6A868E9121C7810500ECA7BD /* PatientTableCell4.xib */,
				6ADCB58F21AAFE320005BBE3 /* PatientTableViewCell.swift */,
				6A868E9621C7F88F00ECA7BD /* BasePatientTableCell.xib */,
				6A868E9821C7F93500ECA7BD /* BasePatientTableViewCell.swift */,
				6A32F91821B2EC4900BB1234 /* EurekaDxEpisodeChoiceCell.swift */,
				6A32F91921B2EC4900BB1234 /* EurekaDxEpisodeChoiceCell.xib */,
				6A36B05121AB97CE00C4F9A8 /* ClinicalListTVC.xib */,
				6A36B04F21AB97BE00C4F9A8 /* ClinicalListTVC.swift */,
				6A32F93021B5F7CC00BB1234 /* ActTableViewCell.swift */,
				6A32F93121B5F7CC00BB1234 /* ActTableViewCell.xib */,
				6A32F93621B6088D00BB1234 /* DiagnosticEpisodeTableViewCell.swift */,
				6A32F93721B6088D00BB1234 /* DiagnosticEpisodeTableViewCell.xib */,
				6A58514821AF55AF00EE6943 /* TagsListTableViewCell.swift */,
				6A58514921AF55AF00EE6943 /* TagsListTableViewCell.xib */,
				6A32F93C21B687C600BB1234 /* DiagnosticEpisodeFormView.xib */,
				6A82B7F521C973200035ED0D /* DetailedPatientForm.xib */,
			);
			path = Views;
			sourceTree = "<group>";
		};
		E813A6C4217D5DE4005E6F81 /* CoreDataNS Objects */ = {
			isa = PBXGroup;
			children = (
				6A58515A21AF65E400EE6943 /* DiagnosticEpisode+CoreDataClass.swift */,
				6A58515B21AF65E400EE6943 /* DiagnosticEpisode+CoreDataProperties.swift */,
				6A58515421AF63E500EE6943 /* ClinicalList+CoreDataClass.swift */,
				6A58515521AF63E500EE6943 /* ClinicalList+CoreDataProperties.swift */,
				E8C84C90217FC46F00D77649 /* Act+CoreDataClass.swift */,
				E8C84C91217FC46F00D77649 /* Act+CoreDataProperties.swift */,
				E8C84C92217FC46F00D77649 /* Tag+CoreDataClass.swift */,
				E8C84C93217FC46F00D77649 /* Tag+CoreDataProperties.swift */,
				E8C84C76217FBF6300D77649 /* Patient+CoreDataClass.swift */,
				E8C84C77217FBF6300D77649 /* Patient+CoreDataProperties.swift */,
			);
			path = "CoreDataNS Objects";
			sourceTree = "<group>";
		};
		E82E17992176A7D400F57761 /* Gradients */ = {
			isa = PBXGroup;
			children = (
				E82E179A2176A7D400F57761 /* Gradients.swift */,
				E82E179B2176A7D400F57761 /* Gradients+Extension.swift */,
				E82E179C2176A7D400F57761 /* Color+Extension.swift */,
				E82E179D2176A7D400F57761 /* Direction.swift */,
			);
			path = Gradients;
			sourceTree = "<group>";
		};
		E841149E217210DC00C5E9D9 = {
			isa = PBXGroup;
			children = (
				E84114A9217210DC00C5E9D9 /* KKarla */,
				E84114A8217210DC00C5E9D9 /* Products */,
				01229F4D958CACEC850AA5A9 /* Pods */,
				3C4533EC7C47F593FDC8CA38 /* Frameworks */,
			);
			sourceTree = "<group>";
		};
		E84114A8217210DC00C5E9D9 /* Products */ = {
			isa = PBXGroup;
			children = (
				E84114A7217210DC00C5E9D9 /* KKarla.app */,
			);
			name = Products;
			sourceTree = "<group>";
		};
		E84114A9217210DC00C5E9D9 /* KKarla */ = {
			isa = PBXGroup;
			children = (
				E8C84CA721826C8E00D77649 /* Notes */,
				E84114B6217210DE00C5E9D9 /* Info.plist */,
				E84114AA217210DC00C5E9D9 /* AppDelegate.swift */,
				E84114AE217210DC00C5E9D9 /* Main.storyboard */,
				E8C84C99217FC50200D77649 /* PatientsTab */,
				E84114C421721C5600C5E9D9 /* Supporting Files */,
			);
			path = KKarla;
			sourceTree = "<group>";
		};
		E84114C321721C3900C5E9D9 /* Coordinators */ = {
			isa = PBXGroup;
			children = (
				E84114BC2172110000C5E9D9 /* Coordinator.swift */,
				E84114C0217213EF00C5E9D9 /* MainCoordinator.swift */,
				E8D9865F217D69CC00EFE369 /* PatientsCoordinator.swift */,
			);
			path = Coordinators;
			sourceTree = "<group>";
		};
		E84114C421721C5600C5E9D9 /* Supporting Files */ = {
			isa = PBXGroup;
			children = (
				6A3BF0E421AB12DF00CA0A71 /* TRASH */,
				E8C2A9A8217A03B90032EED5 /* To Develop */,
				E841152B2175A4B900C5E9D9 /* Demos */,
				E84115292175A4B300C5E9D9 /* Assets.xcassets */,
				E82E17992176A7D400F57761 /* Gradients */,
				E84115012175A1DF00C5E9D9 /* FoldingCell.swift */,
				E84114B3217210DE00C5E9D9 /* LaunchScreen.storyboard */,
			);
			path = "Supporting Files";
			sourceTree = "<group>";
		};
		E84114C721721CAB00C5E9D9 /* CoreDataModels */ = {
			isa = PBXGroup;
			children = (
				E813A6C4217D5DE4005E6F81 /* CoreDataNS Objects */,
				E822211F217D525D00CEE16C /* KKarlaDatabaseV1.xcdatamodeld */,
			);
			path = CoreDataModels;
			sourceTree = "<group>";
		};
		E84114C821721CC500C5E9D9 /* Views */ = {
			isa = PBXGroup;
			children = (
			);
			path = Views;
			sourceTree = "<group>";
		};
		E841150C2175A38F00C5E9D9 /* Fonts */ = {
			isa = PBXGroup;
			children = (
				E841150D2175A38F00C5E9D9 /* OpenSans-Semibold.ttf */,
				E841150E2175A38F00C5E9D9 /* OpenSans-Light.ttf */,
				E841150F2175A38F00C5E9D9 /* OpenSans-Italic.ttf */,
				E84115102175A38F00C5E9D9 /* OpenSans-ExtraBold.ttf */,
				E84115112175A38F00C5E9D9 /* OpenSans-LightItalic.ttf */,
				E84115122175A38F00C5E9D9 /* OpenSans-Bold.ttf */,
				E84115132175A38F00C5E9D9 /* OpenSans-SemiboldItalic.ttf */,
				E84115142175A38F00C5E9D9 /* OpenSans-ExtraBoldItalic.ttf */,
				E84115152175A38F00C5E9D9 /* OpenSans-Regular.ttf */,
				E84115162175A38F00C5E9D9 /* OpenSans-BoldItalic.ttf */,
			);
			path = Fonts;
			sourceTree = "<group>";
		};
		E841152B2175A4B900C5E9D9 /* Demos */ = {
			isa = PBXGroup;
			children = (
				E859A7872182B21C007BF751 /* Segmentio */,
				E84114C821721CC500C5E9D9 /* Views */,
				E84115042175A38F00C5E9D9 /* DemoCell.swift */,
				E84114C521721C8200C5E9D9 /* CardsStackViewController.swift */,
				E84115052175A38F00C5E9D9 /* MainTableViewController.swift */,
				E84114FD21758C8D00C5E9D9 /* FoldingTestTableViewController.swift */,
				E8C92F482175AEDC00B39CC4 /* fctet2.swift */,
				E84114FF2175924000C5E9D9 /* DemoFoldingCell.swift */,
				E841150C2175A38F00C5E9D9 /* Fonts */,
			);
			path = Demos;
			sourceTree = "<group>";
		};
		E859A7802182A9B1007BF751 /* ImageRow */ = {
			isa = PBXGroup;
			children = (
				E859A7812182A9BF007BF751 /* ImageCell.swift */,
				E859A7822182A9BF007BF751 /* ImagePickerController.swift */,
				E859A7832182A9C0007BF751 /* ImageRow.swift */,
			);
			path = ImageRow;
			sourceTree = "<group>";
		};
		E859A7872182B21C007BF751 /* Segmentio */ = {
			isa = PBXGroup;
			children = (
				E859A7882182B21C007BF751 /* Cells */,
				E859A7902182B21C007BF751 /* Extensions */,
				E859A7932182B21C007BF751 /* SegmentioOptions.swift */,
				E859A7942182B21C007BF751 /* Segmentio.swift */,
				E859A7952182B21C007BF751 /* Badge */,
			);
			path = Segmentio;
			sourceTree = "<group>";
		};
		E859A7882182B21C007BF751 /* Cells */ = {
			isa = PBXGroup;
			children = (
				E859A7892182B21C007BF751 /* SegmentioCellWithImageBeforeLabel.swift */,
				E859A78A2182B21C007BF751 /* SegmentioCellWithImageUnderLabel.swift */,
				E859A78B2182B21C007BF751 /* SegmentioCell.swift */,
				E859A78C2182B21C007BF751 /* SegmentioCellWithImageAfterLabel.swift */,
				E859A78D2182B21C007BF751 /* SegmentioCellWithImage.swift */,
				E859A78E2182B21C007BF751 /* SegmentioCellWithLabel.swift */,
				E859A78F2182B21C007BF751 /* SegmentioCellWithImageOverLabel.swift */,
			);
			path = Cells;
			sourceTree = "<group>";
		};
		E859A7902182B21C007BF751 /* Extensions */ = {
			isa = PBXGroup;
			children = (
				E859A7912182B21C007BF751 /* UIView+Appearance.swift */,
				E859A7922182B21C007BF751 /* RoundImageView.swift */,
			);
			path = Extensions;
			sourceTree = "<group>";
		};
		E859A7952182B21C007BF751 /* Badge */ = {
			isa = PBXGroup;
			children = (
				E859A7962182B21C007BF751 /* BadgeViewPresenter.swift */,
				E859A7972182B21C007BF751 /* Views */,
			);
			path = Badge;
			sourceTree = "<group>";
		};
		E859A7972182B21C007BF751 /* Views */ = {
			isa = PBXGroup;
			children = (
				E859A7982182B21C007BF751 /* BadgeWithCounterViewBigSized.xib */,
				E859A7992182B21C007BF751 /* BadgeWithCounterViewStandardSized.xib */,
				E859A79A2182B21C007BF751 /* BadgeWithCounterView.swift */,
			);
			path = Views;
			sourceTree = "<group>";
		};
		E8C2A9A8217A03B90032EED5 /* To Develop */ = {
			isa = PBXGroup;
			children = (
				E82E09F9217830C7006A4B88 /* EowDetailViewController.swift */,
				E8ABF6402178EEA900D0C41D /* SettingsViewController.swift */,
				E8ABF63E2178EE8000D0C41D /* BillingViewController.swift */,
				E8C2A9A9217A03CE0032EED5 /* AnalyticsViewController.swift */,
			);
			path = "To Develop";
			sourceTree = "<group>";
		};
		E8C84C99217FC50200D77649 /* PatientsTab */ = {
			isa = PBXGroup;
			children = (
				6A3BF0E621AB1C9600CA0A71 /* PtTabHelpers */,
				E84114C321721C3900C5E9D9 /* Coordinators */,
				6A8E377321AAE130004F1EFF /* Views */,
				6A3BF0E521AB161D00CA0A71 /* View Controllers */,
				6A3BF0E321AB11C900CA0A71 /* Forms Controllers */,
				6A3BF0E221AB11A600CA0A71 /* Models */,
			);
			path = PatientsTab;
			sourceTree = "<group>";
		};
		E8C84C9A217FC54B00D77649 /* Labels */ = {
			isa = PBXGroup;
			children = (
				E878241A217A8D43001258C5 /* NRLabel.swift */,
				E8782417217A8C9B001258C5 /* LabelType.swift */,
				E8782416217A8C9A001258C5 /* TagStackList.swift */,
				6A806D5521B0DDD1004E85A2 /* ButtonTagStackList.swift */,
			);
			path = Labels;
			sourceTree = "<group>";
		};
/* End PBXGroup section */

/* Begin PBXNativeTarget section */
		E84114A6217210DC00C5E9D9 /* KKarla */ = {
			isa = PBXNativeTarget;
			buildConfigurationList = E84114B9217210DE00C5E9D9 /* Build configuration list for PBXNativeTarget "KKarla" */;
			buildPhases = (
				1492CCC3AFF887D556B5449D /* [CP] Check Pods Manifest.lock */,
				E84114A3217210DC00C5E9D9 /* Sources */,
				E84114A4217210DC00C5E9D9 /* Frameworks */,
				E84114A5217210DC00C5E9D9 /* Resources */,
				4CD43CAC5605FD9B468CC9BD /* [CP] Embed Pods Frameworks */,
			);
			buildRules = (
			);
			dependencies = (
			);
			name = KKarla;
			productName = KKarla;
			productReference = E84114A7217210DC00C5E9D9 /* KKarla.app */;
			productType = "com.apple.product-type.application";
		};
/* End PBXNativeTarget section */

/* Begin PBXProject section */
		E841149F217210DC00C5E9D9 /* Project object */ = {
			isa = PBXProject;
			attributes = {
				LastSwiftUpdateCheck = 1000;
				LastUpgradeCheck = 1000;
				ORGANIZATIONNAME = amir2;
				TargetAttributes = {
					E84114A6217210DC00C5E9D9 = {
						CreatedOnToolsVersion = 10.0;
					};
				};
			};
			buildConfigurationList = E84114A2217210DC00C5E9D9 /* Build configuration list for PBXProject "KKarla" */;
			compatibilityVersion = "Xcode 9.3";
			developmentRegion = en;
			hasScannedForEncodings = 0;
			knownRegions = (
				en,
				Base,
			);
			mainGroup = E841149E217210DC00C5E9D9;
			productRefGroup = E84114A8217210DC00C5E9D9 /* Products */;
			projectDirPath = "";
			projectRoot = "";
			targets = (
				E84114A6217210DC00C5E9D9 /* KKarla */,
			);
		};
/* End PBXProject section */

/* Begin PBXResourcesBuildPhase section */
		E84114A5217210DC00C5E9D9 /* Resources */ = {
			isa = PBXResourcesBuildPhase;
			buildActionMask = 2147483647;
			files = (
				6A32F93921B6088D00BB1234 /* DiagnosticEpisodeTableViewCell.xib in Resources */,
				E859A7A82182B21C007BF751 /* BadgeWithCounterViewStandardSized.xib in Resources */,
				6A868E9721C7F88F00ECA7BD /* BasePatientTableCell.xib in Resources */,
				6A36B05221AB97CE00C4F9A8 /* ClinicalListTVC.xib in Resources */,
				6A868E9221C7810500ECA7BD /* PatientTableCell4.xib in Resources */,
				E84115212175A38F00C5E9D9 /* OpenSans-ExtraBold.ttf in Resources */,
				E84115222175A38F00C5E9D9 /* OpenSans-LightItalic.ttf in Resources */,
				E859A7A72182B21C007BF751 /* BadgeWithCounterViewBigSized.xib in Resources */,
				E84114B5217210DE00C5E9D9 /* LaunchScreen.storyboard in Resources */,
				E84115202175A38F00C5E9D9 /* OpenSans-Italic.ttf in Resources */,
				E841152A2175A4B300C5E9D9 /* Assets.xcassets in Resources */,
				E84115262175A38F00C5E9D9 /* OpenSans-Regular.ttf in Resources */,
				6A58514B21AF55AF00EE6943 /* TagsListTableViewCell.xib in Resources */,
				6A82B7F621C973210035ED0D /* DetailedPatientForm.xib in Resources */,
				E84115272175A38F00C5E9D9 /* OpenSans-BoldItalic.ttf in Resources */,
				E84114B0217210DC00C5E9D9 /* Main.storyboard in Resources */,
				6A4ED3D721BDB49800935C0A /* PatientTableCell2.xib in Resources */,
				6AADF72821C0B5EC00DFD0B9 /* PatientTableCell3.xib in Resources */,
				6A32F93321B5F7CC00BB1234 /* ActTableViewCell.xib in Resources */,
				E84115252175A38F00C5E9D9 /* OpenSans-ExtraBoldItalic.ttf in Resources */,
				6A32F93D21B687C600BB1234 /* DiagnosticEpisodeFormView.xib in Resources */,
				E841151E2175A38F00C5E9D9 /* OpenSans-Semibold.ttf in Resources */,
				E841151F2175A38F00C5E9D9 /* OpenSans-Light.ttf in Resources */,
				E84115242175A38F00C5E9D9 /* OpenSans-SemiboldItalic.ttf in Resources */,
				E8C84CA821826C8E00D77649 /* Notes in Resources */,
				E84115232175A38F00C5E9D9 /* OpenSans-Bold.ttf in Resources */,
				6A8E377521AAE166004F1EFF /* PatientTableCell.xib in Resources */,
				6A32F91B21B2EC4900BB1234 /* EurekaDxEpisodeChoiceCell.xib in Resources */,
			);
			runOnlyForDeploymentPostprocessing = 0;
		};
/* End PBXResourcesBuildPhase section */

/* Begin PBXShellScriptBuildPhase section */
		1492CCC3AFF887D556B5449D /* [CP] Check Pods Manifest.lock */ = {
			isa = PBXShellScriptBuildPhase;
			buildActionMask = 2147483647;
			files = (
			);
			inputFileListPaths = (
			);
			inputPaths = (
				"${PODS_PODFILE_DIR_PATH}/Podfile.lock",
				"${PODS_ROOT}/Manifest.lock",
			);
			name = "[CP] Check Pods Manifest.lock";
			outputFileListPaths = (
			);
			outputPaths = (
				"$(DERIVED_FILE_DIR)/Pods-KKarla-checkManifestLockResult.txt",
			);
			runOnlyForDeploymentPostprocessing = 0;
			shellPath = /bin/sh;
			shellScript = "diff \"${PODS_PODFILE_DIR_PATH}/Podfile.lock\" \"${PODS_ROOT}/Manifest.lock\" > /dev/null\nif [ $? != 0 ] ; then\n    # print error to STDERR\n    echo \"error: The sandbox is not in sync with the Podfile.lock. Run 'pod install' or update your CocoaPods installation.\" >&2\n    exit 1\nfi\n# This output is used by Xcode 'outputs' to avoid re-running this script phase.\necho \"SUCCESS\" > \"${SCRIPT_OUTPUT_FILE_0}\"\n";
			showEnvVarsInLog = 0;
		};
		4CD43CAC5605FD9B468CC9BD /* [CP] Embed Pods Frameworks */ = {
			isa = PBXShellScriptBuildPhase;
			buildActionMask = 2147483647;
			files = (
			);
			inputFileListPaths = (
			);
			inputPaths = (
				"${SRCROOT}/Pods/Target Support Files/Pods-KKarla/Pods-KKarla-frameworks.sh",
				"${BUILT_PRODUCTS_DIR}/EmptyDataSet-Swift/EmptyDataSet_Swift.framework",
				"${BUILT_PRODUCTS_DIR}/Eureka/Eureka.framework",
				"${BUILT_PRODUCTS_DIR}/Hero/Hero.framework",
			);
			name = "[CP] Embed Pods Frameworks";
			outputFileListPaths = (
			);
			outputPaths = (
				"${TARGET_BUILD_DIR}/${FRAMEWORKS_FOLDER_PATH}/EmptyDataSet_Swift.framework",
				"${TARGET_BUILD_DIR}/${FRAMEWORKS_FOLDER_PATH}/Eureka.framework",
				"${TARGET_BUILD_DIR}/${FRAMEWORKS_FOLDER_PATH}/Hero.framework",
			);
			runOnlyForDeploymentPostprocessing = 0;
			shellPath = /bin/sh;
			shellScript = "\"${SRCROOT}/Pods/Target Support Files/Pods-KKarla/Pods-KKarla-frameworks.sh\"\n";
			showEnvVarsInLog = 0;
		};
/* End PBXShellScriptBuildPhase section */

/* Begin PBXSourcesBuildPhase section */
		E84114A3217210DC00C5E9D9 /* Sources */ = {
			isa = PBXSourcesBuildPhase;
			buildActionMask = 2147483647;
			files = (
				E822210C217CF73000CEE16C /* ClinicalListForm.swift in Sources */,
				6A806D5621B0DDD1004E85A2 /* ButtonTagStackList.swift in Sources */,
				E8ABF63F2178EE8000D0C41D /* BillingViewController.swift in Sources */,
				6A58515C21AF65E400EE6943 /* DiagnosticEpisode+CoreDataClass.swift in Sources */,
				6A4ED3D421B84D7B00935C0A /* PatientFormDelegate.swift in Sources */,
				6A32F93221B5F7CC00BB1234 /* ActTableViewCell.swift in Sources */,
				E82E17A02176A7D400F57761 /* Color+Extension.swift in Sources */,
				E859A7A02182B21C007BF751 /* SegmentioCellWithLabel.swift in Sources */,
				E878241B217A8D43001258C5 /* NRLabel.swift in Sources */,
				E859A7A32182B21C007BF751 /* RoundImageView.swift in Sources */,
				6A533A9621AB665D000FB93E /* ActiveListPatientsVC.swift in Sources */,
				6A806D5421B09A04004E85A2 /* AllPatientsListVC.swift in Sources */,
				E822211E217D418000CEE16C /* KarlaFormDelegate.swift in Sources */,
				E8C84CA4218253EE00D77649 /* NewPatientFormDelegate.swift in Sources */,
				E8C92F492175AEDC00B39CC4 /* fctet2.swift in Sources */,
				E859A7852182A9C0007BF751 /* ImagePickerController.swift in Sources */,
				E8C84C7E217FBF6300D77649 /* Patient+CoreDataClass.swift in Sources */,
				E84115192175A38F00C5E9D9 /* MainTableViewController.swift in Sources */,
				E859A7862182A9C0007BF751 /* ImageRow.swift in Sources */,
				E8861733217F522C0098D3EE /* DataCoordinator.swift in Sources */,
				E8C84C97217FC46F00D77649 /* Tag+CoreDataProperties.swift in Sources */,
				E82E179F2176A7D400F57761 /* Gradients+Extension.swift in Sources */,
				E8C84C9E217FCFD800D77649 /* AllPatientsList.swift in Sources */,
				6A806D6321B1D6F2004E85A2 /* DetailedPatientViewVC.swift in Sources */,
				6A32F92921B47AA300BB1234 /* ContainsNumbers.swift in Sources */,
				E84115182175A38F00C5E9D9 /* DemoCell.swift in Sources */,
				6A32F93521B6076A00BB1234 /* DiagnosticEpisodeListModel.swift in Sources */,
				6A32F91F21B3744200BB1234 /* PatientSearchController.swift in Sources */,
				E84114AB217210DC00C5E9D9 /* AppDelegate.swift in Sources */,
				6A533A9421AB590F000FB93E /* Populator.swift in Sources */,
				E82E09F62178070C006A4B88 /* SimpleCellTableViewCell.swift in Sources */,
				E82E09F42178065A006A4B88 /* PatientListTableViewController.swift in Sources */,
				E8861735217F55E70098D3EE /* TableViewResultAdapter.swift in Sources */,
				E859A7842182A9C0007BF751 /* ImageCell.swift in Sources */,
				E84114BD2172110000C5E9D9 /* Coordinator.swift in Sources */,
				E8861731217F50E40098D3EE /* LandingCardModel.swift in Sources */,
				E84114C621721C8200C5E9D9 /* CardsStackViewController.swift in Sources */,
				6A816EEE21AC2AF800031BAB /* BillingCodes.swift in Sources */,
				E8C84C94217FC46F00D77649 /* Act+CoreDataClass.swift in Sources */,
				E822210E217CFB0700CEE16C /* KarlaForm.swift in Sources */,
				E859A79D2182B21C007BF751 /* SegmentioCell.swift in Sources */,
				6A32F91221B2BEF900BB1234 /* ImageService.swift in Sources */,
				6A32F92B21B4EFAD00BB1234 /* SegmentedCellWidth.swift in Sources */,
				6A32F92721B46DA900BB1234 /* QuickParser.swift in Sources */,
				E859A79B2182B21C007BF751 /* SegmentioCellWithImageBeforeLabel.swift in Sources */,
				E859A7A92182B21C007BF751 /* BadgeWithCounterView.swift in Sources */,
				6A36B04E21AB972300C4F9A8 /* BaseWorkListsListTVC.swift in Sources */,
				E84115002175924000C5E9D9 /* DemoFoldingCell.swift in Sources */,
				E84114C1217213EF00C5E9D9 /* MainCoordinator.swift in Sources */,
				E82E17A12176A7D400F57761 /* Direction.swift in Sources */,
				E8782418217A8C9B001258C5 /* TagStackList.swift in Sources */,
				E859A79F2182B21C007BF751 /* SegmentioCellWithImage.swift in Sources */,
				6A32F92321B458F600BB1234 /* ASTSegment.swift in Sources */,
				6A36B05021AB97BE00C4F9A8 /* ClinicalListTVC.swift in Sources */,
				6A533A9921AB7871000FB93E /* ClinicalListModel.swift in Sources */,
				6A58514721AF551500EE6943 /* BaseTagsListTVC.swift in Sources */,
				E859A7A42182B21C007BF751 /* SegmentioOptions.swift in Sources */,
				E82E179E2176A7D400F57761 /* Gradients.swift in Sources */,
				E84114BF217211B200C5E9D9 /* Storyboarded.swift in Sources */,
				E8C84C9C217FCCC600D77649 /* WorkListPatients.swift in Sources */,
				6ADCB59021AAFE320005BBE3 /* PatientTableViewCell.swift in Sources */,
				6A32F91A21B2EC4900BB1234 /* EurekaDxEpisodeChoiceCell.swift in Sources */,
				E859A7A62182B21C007BF751 /* BadgeViewPresenter.swift in Sources */,
				E8C84C7F217FBF6300D77649 /* Patient+CoreDataProperties.swift in Sources */,
				E8C84C95217FC46F00D77649 /* Act+CoreDataProperties.swift in Sources */,
				E886173C217F98CC0098D3EE /* FormType.swift in Sources */,
				E8C84C96217FC46F00D77649 /* Tag+CoreDataClass.swift in Sources */,
				E8782419217A8C9B001258C5 /* LabelType.swift in Sources */,
				6A36B04C21AB95CA00C4F9A8 /* TagsListModel.swift in Sources */,
				E859A7A22182B21C007BF751 /* UIView+Appearance.swift in Sources */,
				E82E09FA217830C7006A4B88 /* EowDetailViewController.swift in Sources */,
				6A32F91521B2D27600BB1234 /* dayMonthYear.swift in Sources */,
				6A32F93B21B6119700BB1234 /* BorderExtension.swift in Sources */,
				E8C2A9AA217A03CE0032EED5 /* AnalyticsViewController.swift in Sources */,
				E859A79E2182B21C007BF751 /* SegmentioCellWithImageAfterLabel.swift in Sources */,
				E8D98660217D69CC00EFE369 /* PatientsCoordinator.swift in Sources */,
				6A3BF0E821AB1D4200CA0A71 /* BasePatientsListTVC.swift in Sources */,
				E8222121217D525D00CEE16C /* KKarlaDatabaseV1.xcdatamodeld in Sources */,
				E88920A6217BD50C004216F1 /* LandingCardViewController.swift in Sources */,
				6A834AB521ADB9B900451E0D /* TagForm.swift in Sources */,
				6A32F92F21B5F57F00BB1234 /* ActListModel.swift in Sources */,
				E859A79C2182B21C007BF751 /* SegmentioCellWithImageUnderLabel.swift in Sources */,
				6A32F93821B6088D00BB1234 /* DiagnosticEpisodeTableViewCell.swift in Sources */,
				E84115022175A1DF00C5E9D9 /* FoldingCell.swift in Sources */,
				6A82B7F421C9245C0035ED0D /* PatientForm2.swift in Sources */,
				6A58515921AF63E500EE6943 /* ClinicalList+CoreDataProperties.swift in Sources */,
				6A58514A21AF55AF00EE6943 /* TagsListTableViewCell.swift in Sources */,
				6A32F91721B2D9B000BB1234 /* DiagnosticEpisodeForm.swift in Sources */,
				E859A7A12182B21C007BF751 /* SegmentioCellWithImageOverLabel.swift in Sources */,
				6A806D5221B04371004E85A2 /* PatientsFilterSegmentedControl.swift in Sources */,
				E84114FE21758C8D00C5E9D9 /* FoldingTestTableViewController.swift in Sources */,
				E859A7A52182B21C007BF751 /* Segmentio.swift in Sources */,
				6A58515D21AF65E400EE6943 /* DiagnosticEpisode+CoreDataProperties.swift in Sources */,
				E8D98667217D7DF900EFE369 /* PatientForm.swift in Sources */,
				E8861738217F90920098D3EE /* PatientListModel.swift in Sources */,
				6A868E9921C7F93500ECA7BD /* BasePatientTableViewCell.swift in Sources */,
				E8ABF6412178EEA900D0C41D /* SettingsViewController.swift in Sources */,
				6A58515821AF63E500EE6943 /* ClinicalList+CoreDataClass.swift in Sources */,
				6A32F92521B45E9D00BB1234 /* KSegmentedControl.swift in Sources */,
				E8C84CA221800F4500D77649 /* ActForm.swift in Sources */,
			);
			runOnlyForDeploymentPostprocessing = 0;
		};
/* End PBXSourcesBuildPhase section */

/* Begin PBXVariantGroup section */
		E84114AE217210DC00C5E9D9 /* Main.storyboard */ = {
			isa = PBXVariantGroup;
			children = (
				E84114AF217210DC00C5E9D9 /* Base */,
			);
			name = Main.storyboard;
			sourceTree = "<group>";
		};
		E84114B3217210DE00C5E9D9 /* LaunchScreen.storyboard */ = {
			isa = PBXVariantGroup;
			children = (
				E84114B4217210DE00C5E9D9 /* Base */,
			);
			name = LaunchScreen.storyboard;
			sourceTree = "<group>";
		};
/* End PBXVariantGroup section */

/* Begin XCBuildConfiguration section */
		E84114B7217210DE00C5E9D9 /* Debug */ = {
			isa = XCBuildConfiguration;
			buildSettings = {
				ALWAYS_SEARCH_USER_PATHS = NO;
				CLANG_ANALYZER_NONNULL = YES;
				CLANG_ANALYZER_NUMBER_OBJECT_CONVERSION = YES_AGGRESSIVE;
				CLANG_CXX_LANGUAGE_STANDARD = "gnu++14";
				CLANG_CXX_LIBRARY = "libc++";
				CLANG_ENABLE_MODULES = YES;
				CLANG_ENABLE_OBJC_ARC = YES;
				CLANG_ENABLE_OBJC_WEAK = YES;
				CLANG_WARN_BLOCK_CAPTURE_AUTORELEASING = YES;
				CLANG_WARN_BOOL_CONVERSION = YES;
				CLANG_WARN_COMMA = YES;
				CLANG_WARN_CONSTANT_CONVERSION = YES;
				CLANG_WARN_DEPRECATED_OBJC_IMPLEMENTATIONS = YES;
				CLANG_WARN_DIRECT_OBJC_ISA_USAGE = YES_ERROR;
				CLANG_WARN_DOCUMENTATION_COMMENTS = YES;
				CLANG_WARN_EMPTY_BODY = YES;
				CLANG_WARN_ENUM_CONVERSION = YES;
				CLANG_WARN_INFINITE_RECURSION = YES;
				CLANG_WARN_INT_CONVERSION = YES;
				CLANG_WARN_NON_LITERAL_NULL_CONVERSION = YES;
				CLANG_WARN_OBJC_IMPLICIT_RETAIN_SELF = YES;
				CLANG_WARN_OBJC_LITERAL_CONVERSION = YES;
				CLANG_WARN_OBJC_ROOT_CLASS = YES_ERROR;
				CLANG_WARN_RANGE_LOOP_ANALYSIS = YES;
				CLANG_WARN_STRICT_PROTOTYPES = YES;
				CLANG_WARN_SUSPICIOUS_MOVE = YES;
				CLANG_WARN_UNGUARDED_AVAILABILITY = YES_AGGRESSIVE;
				CLANG_WARN_UNREACHABLE_CODE = YES;
				CLANG_WARN__DUPLICATE_METHOD_MATCH = YES;
				CODE_SIGN_IDENTITY = "iPhone Developer";
				COPY_PHASE_STRIP = NO;
				DEBUG_INFORMATION_FORMAT = dwarf;
				ENABLE_STRICT_OBJC_MSGSEND = YES;
				ENABLE_TESTABILITY = YES;
				GCC_C_LANGUAGE_STANDARD = gnu11;
				GCC_DYNAMIC_NO_PIC = NO;
				GCC_NO_COMMON_BLOCKS = YES;
				GCC_OPTIMIZATION_LEVEL = 0;
				GCC_PREPROCESSOR_DEFINITIONS = (
					"DEBUG=1",
					"$(inherited)",
				);
				GCC_WARN_64_TO_32_BIT_CONVERSION = YES;
				GCC_WARN_ABOUT_RETURN_TYPE = YES_ERROR;
				GCC_WARN_UNDECLARED_SELECTOR = YES;
				GCC_WARN_UNINITIALIZED_AUTOS = YES_AGGRESSIVE;
				GCC_WARN_UNUSED_FUNCTION = YES;
				GCC_WARN_UNUSED_VARIABLE = YES;
				IPHONEOS_DEPLOYMENT_TARGET = 12.0;
				MTL_ENABLE_DEBUG_INFO = INCLUDE_SOURCE;
				MTL_FAST_MATH = YES;
				ONLY_ACTIVE_ARCH = YES;
				SDKROOT = iphoneos;
				SWIFT_ACTIVE_COMPILATION_CONDITIONS = DEBUG;
				SWIFT_OPTIMIZATION_LEVEL = "-Onone";
			};
			name = Debug;
		};
		E84114B8217210DE00C5E9D9 /* Release */ = {
			isa = XCBuildConfiguration;
			buildSettings = {
				ALWAYS_SEARCH_USER_PATHS = NO;
				CLANG_ANALYZER_NONNULL = YES;
				CLANG_ANALYZER_NUMBER_OBJECT_CONVERSION = YES_AGGRESSIVE;
				CLANG_CXX_LANGUAGE_STANDARD = "gnu++14";
				CLANG_CXX_LIBRARY = "libc++";
				CLANG_ENABLE_MODULES = YES;
				CLANG_ENABLE_OBJC_ARC = YES;
				CLANG_ENABLE_OBJC_WEAK = YES;
				CLANG_WARN_BLOCK_CAPTURE_AUTORELEASING = YES;
				CLANG_WARN_BOOL_CONVERSION = YES;
				CLANG_WARN_COMMA = YES;
				CLANG_WARN_CONSTANT_CONVERSION = YES;
				CLANG_WARN_DEPRECATED_OBJC_IMPLEMENTATIONS = YES;
				CLANG_WARN_DIRECT_OBJC_ISA_USAGE = YES_ERROR;
				CLANG_WARN_DOCUMENTATION_COMMENTS = YES;
				CLANG_WARN_EMPTY_BODY = YES;
				CLANG_WARN_ENUM_CONVERSION = YES;
				CLANG_WARN_INFINITE_RECURSION = YES;
				CLANG_WARN_INT_CONVERSION = YES;
				CLANG_WARN_NON_LITERAL_NULL_CONVERSION = YES;
				CLANG_WARN_OBJC_IMPLICIT_RETAIN_SELF = YES;
				CLANG_WARN_OBJC_LITERAL_CONVERSION = YES;
				CLANG_WARN_OBJC_ROOT_CLASS = YES_ERROR;
				CLANG_WARN_RANGE_LOOP_ANALYSIS = YES;
				CLANG_WARN_STRICT_PROTOTYPES = YES;
				CLANG_WARN_SUSPICIOUS_MOVE = YES;
				CLANG_WARN_UNGUARDED_AVAILABILITY = YES_AGGRESSIVE;
				CLANG_WARN_UNREACHABLE_CODE = YES;
				CLANG_WARN__DUPLICATE_METHOD_MATCH = YES;
				CODE_SIGN_IDENTITY = "iPhone Developer";
				COPY_PHASE_STRIP = NO;
				DEBUG_INFORMATION_FORMAT = "dwarf-with-dsym";
				ENABLE_NS_ASSERTIONS = NO;
				ENABLE_STRICT_OBJC_MSGSEND = YES;
				GCC_C_LANGUAGE_STANDARD = gnu11;
				GCC_NO_COMMON_BLOCKS = YES;
				GCC_WARN_64_TO_32_BIT_CONVERSION = YES;
				GCC_WARN_ABOUT_RETURN_TYPE = YES_ERROR;
				GCC_WARN_UNDECLARED_SELECTOR = YES;
				GCC_WARN_UNINITIALIZED_AUTOS = YES_AGGRESSIVE;
				GCC_WARN_UNUSED_FUNCTION = YES;
				GCC_WARN_UNUSED_VARIABLE = YES;
				IPHONEOS_DEPLOYMENT_TARGET = 12.0;
				MTL_ENABLE_DEBUG_INFO = NO;
				MTL_FAST_MATH = YES;
				SDKROOT = iphoneos;
				SWIFT_COMPILATION_MODE = wholemodule;
				SWIFT_OPTIMIZATION_LEVEL = "-O";
				VALIDATE_PRODUCT = YES;
			};
			name = Release;
		};
		E84114BA217210DE00C5E9D9 /* Debug */ = {
			isa = XCBuildConfiguration;
			baseConfigurationReference = 46490DF824D37F6FAF1374ED /* Pods-KKarla.debug.xcconfig */;
			buildSettings = {
				ASSETCATALOG_COMPILER_APPICON_NAME = AppIcon;
				CODE_SIGN_STYLE = Automatic;
				DEVELOPMENT_TEAM = 6365P5X875;
				INFOPLIST_FILE = "$(SRCROOT)/KKarla/Info.plist";
				LD_RUNPATH_SEARCH_PATHS = (
					"$(inherited)",
					"@executable_path/Frameworks",
				);
				PRODUCT_BUNDLE_IDENTIFIER = amirprime.KKarla;
				PRODUCT_NAME = "$(TARGET_NAME)";
				SWIFT_VERSION = 4.2;
				TARGETED_DEVICE_FAMILY = "1,2";
			};
			name = Debug;
		};
		E84114BB217210DE00C5E9D9 /* Release */ = {
			isa = XCBuildConfiguration;
			baseConfigurationReference = 0BC7339C681FB2F7F9462DA9 /* Pods-KKarla.release.xcconfig */;
			buildSettings = {
				ASSETCATALOG_COMPILER_APPICON_NAME = AppIcon;
				CODE_SIGN_STYLE = Automatic;
				DEVELOPMENT_TEAM = 6365P5X875;
				INFOPLIST_FILE = "$(SRCROOT)/KKarla/Info.plist";
				LD_RUNPATH_SEARCH_PATHS = (
					"$(inherited)",
					"@executable_path/Frameworks",
				);
				PRODUCT_BUNDLE_IDENTIFIER = amirprime.KKarla;
				PRODUCT_NAME = "$(TARGET_NAME)";
				SWIFT_VERSION = 4.2;
				TARGETED_DEVICE_FAMILY = "1,2";
			};
			name = Release;
		};
/* End XCBuildConfiguration section */

/* Begin XCConfigurationList section */
		E84114A2217210DC00C5E9D9 /* Build configuration list for PBXProject "KKarla" */ = {
			isa = XCConfigurationList;
			buildConfigurations = (
				E84114B7217210DE00C5E9D9 /* Debug */,
				E84114B8217210DE00C5E9D9 /* Release */,
			);
			defaultConfigurationIsVisible = 0;
			defaultConfigurationName = Release;
		};
		E84114B9217210DE00C5E9D9 /* Build configuration list for PBXNativeTarget "KKarla" */ = {
			isa = XCConfigurationList;
			buildConfigurations = (
				E84114BA217210DE00C5E9D9 /* Debug */,
				E84114BB217210DE00C5E9D9 /* Release */,
			);
			defaultConfigurationIsVisible = 0;
			defaultConfigurationName = Release;
		};
/* End XCConfigurationList section */

/* Begin XCVersionGroup section */
		E822211F217D525D00CEE16C /* KKarlaDatabaseV1.xcdatamodeld */ = {
			isa = XCVersionGroup;
			children = (
				E8222120217D525D00CEE16C /* KKarlaDatabase1.xcdatamodel */,
			);
			currentVersion = E8222120217D525D00CEE16C /* KKarlaDatabase1.xcdatamodel */;
			path = KKarlaDatabaseV1.xcdatamodeld;
			sourceTree = "<group>";
			versionGroupType = wrapper.xcdatamodel;
		};
/* End XCVersionGroup section */
	};
	rootObject = E841149F217210DC00C5E9D9 /* Project object */;
}
